// !$*UTF8*$!
{
	archiveVersion = 1;
	classes = {
	};
	objectVersion = 45;
	objects = {

/* Begin PBXBuildFile section */
		15015CA6118AE35400972828 /* ILLinkedList.cpp in Sources */ = {isa = PBXBuildFile; fileRef = 15015CA5118AE35400972828 /* ILLinkedList.cpp */; };
		15015D5F118B2FFD00972828 /* ILLinkedList.cpp in Sources */ = {isa = PBXBuildFile; fileRef = 15015CA5118AE35400972828 /* ILLinkedList.cpp */; };
		15015D6C118B301B00972828 /* ILLinkedListTest.mm in Sources */ = {isa = PBXBuildFile; fileRef = 15015D6B118B301B00972828 /* ILLinkedListTest.mm */; };
		15015E3D118B3ECD00972828 /* ILList.cpp in Sources */ = {isa = PBXBuildFile; fileRef = 15015E3C118B3ECD00972828 /* ILList.cpp */; };
		15015E3E118B3ECD00972828 /* ILList.h in Headers */ = {isa = PBXBuildFile; fileRef = 15015E3B118B3ECD00972828 /* ILList.h */; };
		15015E3F118B3ECD00972828 /* ILList.cpp in Sources */ = {isa = PBXBuildFile; fileRef = 15015E3C118B3ECD00972828 /* ILList.cpp */; };
		15015E53118B41E200972828 /* ILListTest.mm in Sources */ = {isa = PBXBuildFile; fileRef = 15015E52118B41E200972828 /* ILListTest.mm */; };
		15015E54118B41E200972828 /* ILListTest.h in Headers */ = {isa = PBXBuildFile; fileRef = 15015E51118B41E200972828 /* ILListTest.h */; };
		154BD8AE1184773500A7FCA2 /* ILObject.h in Headers */ = {isa = PBXBuildFile; fileRef = 154BD8AC1184773500A7FCA2 /* ILObject.h */; };
		154BD8AF1184773500A7FCA2 /* ILObject.cpp in Sources */ = {isa = PBXBuildFile; fileRef = 154BD8AD1184773500A7FCA2 /* ILObject.cpp */; };
		154BD8DB118478E800A7FCA2 /* ILObjectTest.h in Headers */ = {isa = PBXBuildFile; fileRef = 154BD8D9118478E800A7FCA2 /* ILObjectTest.h */; };
		154BD8E81184798300A7FCA2 /* ILObjectTest.mm in Sources */ = {isa = PBXBuildFile; fileRef = 154BD8DA118478E800A7FCA2 /* ILObjectTest.mm */; };
		154BD8F411847A4C00A7FCA2 /* ILObject.cpp in Sources */ = {isa = PBXBuildFile; fileRef = 154BD8AD1184773500A7FCA2 /* ILObject.cpp */; };
		154BD90011847AEB00A7FCA2 /* ILReleasePool.h in Headers */ = {isa = PBXBuildFile; fileRef = 154BD8FE11847AEB00A7FCA2 /* ILReleasePool.h */; };
		154BD90111847AEB00A7FCA2 /* ILReleasePool.cpp in Sources */ = {isa = PBXBuildFile; fileRef = 154BD8FF11847AEB00A7FCA2 /* ILReleasePool.cpp */; };
		154BD90711847CEB00A7FCA2 /* ILReleasePool.cpp in Sources */ = {isa = PBXBuildFile; fileRef = 154BD8FF11847AEB00A7FCA2 /* ILReleasePool.cpp */; };
		154BDA4C1184875000A7FCA2 /* ILData.h in Headers */ = {isa = PBXBuildFile; fileRef = 154BDA4A1184875000A7FCA2 /* ILData.h */; };
		154BDA4D1184875000A7FCA2 /* ILData.cpp in Sources */ = {isa = PBXBuildFile; fileRef = 154BDA4B1184875000A7FCA2 /* ILData.cpp */; };
		154BDA4E1184875000A7FCA2 /* ILData.cpp in Sources */ = {isa = PBXBuildFile; fileRef = 154BDA4B1184875000A7FCA2 /* ILData.cpp */; };
		154BDA511184877E00A7FCA2 /* Argyle.h in Headers */ = {isa = PBXBuildFile; fileRef = 154BDA501184877E00A7FCA2 /* Argyle.h */; };
		154BDA8D11848CF200A7FCA2 /* ILDataTest.h in Headers */ = {isa = PBXBuildFile; fileRef = 154BDA8B11848CF200A7FCA2 /* ILDataTest.h */; };
		154BDA8F11848CF200A7FCA2 /* ILDataTest.mm in Sources */ = {isa = PBXBuildFile; fileRef = 154BDA8C11848CF200A7FCA2 /* ILDataTest.mm */; };
		154BDAD61184914900A7FCA2 /* ILNumber.h in Headers */ = {isa = PBXBuildFile; fileRef = 154BDAD41184914900A7FCA2 /* ILNumber.h */; };
		154BDAD71184914900A7FCA2 /* ILNumber.cpp in Sources */ = {isa = PBXBuildFile; fileRef = 154BDAD51184914900A7FCA2 /* ILNumber.cpp */; };
		154BDAD81184914900A7FCA2 /* ILNumber.cpp in Sources */ = {isa = PBXBuildFile; fileRef = 154BDAD51184914900A7FCA2 /* ILNumber.cpp */; };
		154BDAEE1184945A00A7FCA2 /* ILNumberTest.mm in Sources */ = {isa = PBXBuildFile; fileRef = 154BDAED1184945A00A7FCA2 /* ILNumberTest.mm */; };
		155E5056118B8B940036F741 /* ILHash.cpp in Sources */ = {isa = PBXBuildFile; fileRef = 155E5055118B8B940036F741 /* ILHash.cpp */; };
		155E5057118B8B940036F741 /* ILHash.h in Headers */ = {isa = PBXBuildFile; fileRef = 155E5054118B8B940036F741 /* ILHash.h */; };
		155E5058118B8B940036F741 /* ILHash.cpp in Sources */ = {isa = PBXBuildFile; fileRef = 155E5055118B8B940036F741 /* ILHash.cpp */; };
		156A8C09118DBFE800C4D67E /* ILReleasePoolDelegate.cpp in Sources */ = {isa = PBXBuildFile; fileRef = 156A8C08118DBFE800C4D67E /* ILReleasePoolDelegate.cpp */; };
		156A8CCC118E059500C4D67E /* ILMap.cpp in Sources */ = {isa = PBXBuildFile; fileRef = 156A8CCB118E059500C4D67E /* ILMap.cpp */; };
		156A8D2F118E0D4800C4D67E /* ILMapTest.mm in Sources */ = {isa = PBXBuildFile; fileRef = 156A8D2E118E0D4800C4D67E /* ILMapTest.mm */; };
		156A8D30118E0D4C00C4D67E /* ILMap.cpp in Sources */ = {isa = PBXBuildFile; fileRef = 156A8CCB118E059500C4D67E /* ILMap.cpp */; };
		157282FE118CBA0400588AF1 /* ILHashTest.mm in Sources */ = {isa = PBXBuildFile; fileRef = 157282FD118CBA0400588AF1 /* ILHashTest.mm */; };
		15EA0178119168D100C4296E /* ILMessage.cpp in Sources */ = {isa = PBXBuildFile; fileRef = 15EA0177119168D100C4296E /* ILMessage.cpp */; };
		15EA0179119168D100C4296E /* ILMessage.h in Headers */ = {isa = PBXBuildFile; fileRef = 15EA0176119168D100C4296E /* ILMessage.h */; };
		15EA017A119168D100C4296E /* ILMessage.cpp in Sources */ = {isa = PBXBuildFile; fileRef = 15EA0177119168D100C4296E /* ILMessage.cpp */; };
/* End PBXBuildFile section */

/* Begin PBXContainerItemProxy section */
		154BD8D4118478B700A7FCA2 /* PBXContainerItemProxy */ = {
			isa = PBXContainerItemProxy;
			containerPortal = 0867D690FE84028FC02AAC07 /* Project object */;
			proxyType = 1;
			remoteGlobalIDString = 154BD8CE118478A900A7FCA2;
			remoteInfo = "Argyle-Test";
		};
/* End PBXContainerItemProxy section */

/* Begin PBXFileReference section */
		15015CA4118AE35400972828 /* ILLinkedList.h */ = {isa = PBXFileReference; fileEncoding = 4; lastKnownFileType = sourcecode.c.h; path = ILLinkedList.h; sourceTree = "<group>"; };
		15015CA5118AE35400972828 /* ILLinkedList.cpp */ = {isa = PBXFileReference; fileEncoding = 4; lastKnownFileType = sourcecode.cpp.cpp; path = ILLinkedList.cpp; sourceTree = "<group>"; };
		15015D6A118B301B00972828 /* ILLinkedListTest.h */ = {isa = PBXFileReference; fileEncoding = 4; lastKnownFileType = sourcecode.c.h; path = ILLinkedListTest.h; sourceTree = "<group>"; };
		15015D6B118B301B00972828 /* ILLinkedListTest.mm */ = {isa = PBXFileReference; fileEncoding = 4; lastKnownFileType = sourcecode.cpp.objcpp; path = ILLinkedListTest.mm; sourceTree = "<group>"; };
		15015E3B118B3ECD00972828 /* ILList.h */ = {isa = PBXFileReference; fileEncoding = 4; lastKnownFileType = sourcecode.c.h; path = ILList.h; sourceTree = "<group>"; };
		15015E3C118B3ECD00972828 /* ILList.cpp */ = {isa = PBXFileReference; fileEncoding = 4; lastKnownFileType = sourcecode.cpp.cpp; path = ILList.cpp; sourceTree = "<group>"; };
		15015E51118B41E200972828 /* ILListTest.h */ = {isa = PBXFileReference; fileEncoding = 4; lastKnownFileType = sourcecode.c.h; path = ILListTest.h; sourceTree = "<group>"; };
		15015E52118B41E200972828 /* ILListTest.mm */ = {isa = PBXFileReference; fileEncoding = 4; lastKnownFileType = sourcecode.cpp.objcpp; path = ILListTest.mm; sourceTree = "<group>"; };
		154BD8AC1184773500A7FCA2 /* ILObject.h */ = {isa = PBXFileReference; fileEncoding = 4; lastKnownFileType = sourcecode.c.h; path = ILObject.h; sourceTree = "<group>"; };
		154BD8AD1184773500A7FCA2 /* ILObject.cpp */ = {isa = PBXFileReference; fileEncoding = 4; lastKnownFileType = sourcecode.cpp.cpp; path = ILObject.cpp; sourceTree = "<group>"; };
		154BD8CF118478A900A7FCA2 /* Argyle-Test.octest */ = {isa = PBXFileReference; explicitFileType = wrapper.cfbundle; includeInIndex = 0; path = "Argyle-Test.octest"; sourceTree = BUILT_PRODUCTS_DIR; };
		154BD8D0118478AA00A7FCA2 /* Argyle-Test-Info.plist */ = {isa = PBXFileReference; lastKnownFileType = text.plist.xml; path = "Argyle-Test-Info.plist"; sourceTree = "<group>"; };
		154BD8D9118478E800A7FCA2 /* ILObjectTest.h */ = {isa = PBXFileReference; fileEncoding = 4; lastKnownFileType = sourcecode.c.h; path = ILObjectTest.h; sourceTree = "<group>"; };
		154BD8DA118478E800A7FCA2 /* ILObjectTest.mm */ = {isa = PBXFileReference; fileEncoding = 4; lastKnownFileType = sourcecode.cpp.objcpp; path = ILObjectTest.mm; sourceTree = "<group>"; };
		154BD8FE11847AEB00A7FCA2 /* ILReleasePool.h */ = {isa = PBXFileReference; fileEncoding = 4; lastKnownFileType = sourcecode.c.h; path = ILReleasePool.h; sourceTree = "<group>"; };
		154BD8FF11847AEB00A7FCA2 /* ILReleasePool.cpp */ = {isa = PBXFileReference; fileEncoding = 4; lastKnownFileType = sourcecode.cpp.cpp; path = ILReleasePool.cpp; sourceTree = "<group>"; };
		154BDA4A1184875000A7FCA2 /* ILData.h */ = {isa = PBXFileReference; fileEncoding = 4; lastKnownFileType = sourcecode.c.h; path = ILData.h; sourceTree = "<group>"; };
		154BDA4B1184875000A7FCA2 /* ILData.cpp */ = {isa = PBXFileReference; fileEncoding = 4; lastKnownFileType = sourcecode.cpp.cpp; path = ILData.cpp; sourceTree = "<group>"; };
		154BDA501184877E00A7FCA2 /* Argyle.h */ = {isa = PBXFileReference; fileEncoding = 4; lastKnownFileType = sourcecode.c.h; path = Argyle.h; sourceTree = "<group>"; };
		154BDA8B11848CF200A7FCA2 /* ILDataTest.h */ = {isa = PBXFileReference; fileEncoding = 4; lastKnownFileType = sourcecode.c.h; path = ILDataTest.h; sourceTree = "<group>"; };
		154BDA8C11848CF200A7FCA2 /* ILDataTest.mm */ = {isa = PBXFileReference; fileEncoding = 4; lastKnownFileType = sourcecode.cpp.objcpp; path = ILDataTest.mm; sourceTree = "<group>"; };
		154BDAD41184914900A7FCA2 /* ILNumber.h */ = {isa = PBXFileReference; fileEncoding = 4; lastKnownFileType = sourcecode.c.h; path = ILNumber.h; sourceTree = "<group>"; };
		154BDAD51184914900A7FCA2 /* ILNumber.cpp */ = {isa = PBXFileReference; fileEncoding = 4; lastKnownFileType = sourcecode.cpp.cpp; path = ILNumber.cpp; sourceTree = "<group>"; };
		154BDAEC1184945A00A7FCA2 /* ILNumberTest.h */ = {isa = PBXFileReference; fileEncoding = 4; lastKnownFileType = sourcecode.c.h; path = ILNumberTest.h; sourceTree = "<group>"; };
		154BDAED1184945A00A7FCA2 /* ILNumberTest.mm */ = {isa = PBXFileReference; fileEncoding = 4; lastKnownFileType = sourcecode.cpp.objcpp; path = ILNumberTest.mm; sourceTree = "<group>"; };
		155E5054118B8B940036F741 /* ILHash.h */ = {isa = PBXFileReference; fileEncoding = 4; lastKnownFileType = sourcecode.c.h; path = ILHash.h; sourceTree = "<group>"; };
		155E5055118B8B940036F741 /* ILHash.cpp */ = {isa = PBXFileReference; fileEncoding = 4; lastKnownFileType = sourcecode.cpp.cpp; path = ILHash.cpp; sourceTree = "<group>"; };
		156A8C07118DBFE800C4D67E /* ILReleasePoolDelegate.h */ = {isa = PBXFileReference; fileEncoding = 4; lastKnownFileType = sourcecode.c.h; path = ILReleasePoolDelegate.h; sourceTree = "<group>"; };
		156A8C08118DBFE800C4D67E /* ILReleasePoolDelegate.cpp */ = {isa = PBXFileReference; fileEncoding = 4; lastKnownFileType = sourcecode.cpp.cpp; path = ILReleasePoolDelegate.cpp; sourceTree = "<group>"; };
		156A8CCA118E059500C4D67E /* ILMap.h */ = {isa = PBXFileReference; fileEncoding = 4; lastKnownFileType = sourcecode.c.h; path = ILMap.h; sourceTree = "<group>"; };
		156A8CCB118E059500C4D67E /* ILMap.cpp */ = {isa = PBXFileReference; fileEncoding = 4; lastKnownFileType = sourcecode.cpp.cpp; path = ILMap.cpp; sourceTree = "<group>"; };
		156A8D2D118E0D4800C4D67E /* ILMapTest.h */ = {isa = PBXFileReference; fileEncoding = 4; lastKnownFileType = sourcecode.c.h; path = ILMapTest.h; sourceTree = "<group>"; };
		156A8D2E118E0D4800C4D67E /* ILMapTest.mm */ = {isa = PBXFileReference; fileEncoding = 4; lastKnownFileType = sourcecode.cpp.objcpp; path = ILMapTest.mm; sourceTree = "<group>"; };
		157282FC118CBA0400588AF1 /* ILHashTest.h */ = {isa = PBXFileReference; fileEncoding = 4; lastKnownFileType = sourcecode.c.h; path = ILHashTest.h; sourceTree = "<group>"; };
		157282FD118CBA0400588AF1 /* ILHashTest.mm */ = {isa = PBXFileReference; fileEncoding = 4; lastKnownFileType = sourcecode.cpp.objcpp; path = ILHashTest.mm; sourceTree = "<group>"; };
		15EA0176119168D100C4296E /* ILMessage.h */ = {isa = PBXFileReference; fileEncoding = 4; lastKnownFileType = sourcecode.c.h; path = ILMessage.h; sourceTree = "<group>"; };
		15EA0177119168D100C4296E /* ILMessage.cpp */ = {isa = PBXFileReference; fileEncoding = 4; lastKnownFileType = sourcecode.cpp.cpp; path = ILMessage.cpp; sourceTree = "<group>"; };
		32BAE0B70371A74B00C91783 /* Argyle_Prefix.pch */ = {isa = PBXFileReference; fileEncoding = 4; lastKnownFileType = sourcecode.c.h; path = Argyle_Prefix.pch; sourceTree = "<group>"; };
		5073E0C609E734A800EC74B6 /* ArgyleProj.xcconfig */ = {isa = PBXFileReference; fileEncoding = 30; lastKnownFileType = text.xcconfig; path = ArgyleProj.xcconfig; sourceTree = "<group>"; };
		5073E0C709E734A800EC74B6 /* ArgyleTarget.xcconfig */ = {isa = PBXFileReference; fileEncoding = 30; lastKnownFileType = text.xcconfig; path = ArgyleTarget.xcconfig; sourceTree = "<group>"; };
		D2AAC09D05546B4700DB518D /* libArgyle.dylib */ = {isa = PBXFileReference; explicitFileType = "compiled.mach-o.dylib"; includeInIndex = 0; path = libArgyle.dylib; sourceTree = BUILT_PRODUCTS_DIR; };
/* End PBXFileReference section */

/* Begin PBXFrameworksBuildPhase section */
		154BD8CC118478A900A7FCA2 /* Frameworks */ = {
			isa = PBXFrameworksBuildPhase;
			buildActionMask = 2147483647;
			files = (
			);
			runOnlyForDeploymentPostprocessing = 0;
		};
		D2AAC09B05546B4700DB518D /* Frameworks */ = {
			isa = PBXFrameworksBuildPhase;
			buildActionMask = 2147483647;
			files = (
			);
			runOnlyForDeploymentPostprocessing = 0;
		};
/* End PBXFrameworksBuildPhase section */

/* Begin PBXGroup section */
		034768DDFF38A45A11DB9C8B /* Products */ = {
			isa = PBXGroup;
			children = (
				D2AAC09D05546B4700DB518D /* libArgyle.dylib */,
				154BD8CF118478A900A7FCA2 /* Argyle-Test.octest */,
			);
			name = Products;
			sourceTree = "<group>";
		};
		0867D691FE84028FC02AAC07 /* Argyle */ = {
			isa = PBXGroup;
			children = (
				5073E0CA09E734BC00EC74B6 /* Configuration Files */,
				08FB77ACFE841707C02AAC07 /* Source */,
				0867D69AFE84028FC02AAC07 /* External Frameworks and Libraries */,
				034768DDFF38A45A11DB9C8B /* Products */,
				154BD8D0118478AA00A7FCA2 /* Argyle-Test-Info.plist */,
			);
			name = Argyle;
			sourceTree = "<group>";
		};
		0867D69AFE84028FC02AAC07 /* External Frameworks and Libraries */ = {
			isa = PBXGroup;
			children = (
			);
			name = "External Frameworks and Libraries";
			sourceTree = "<group>";
		};
		08FB77ACFE841707C02AAC07 /* Source */ = {
			isa = PBXGroup;
			children = (
				15EA0175119168C500C4296E /* ILMessage */,
				32BAE0B70371A74B00C91783 /* Argyle_Prefix.pch */,
				156A8C57118E011100C4D67E /* Map */,
				155E5053118B8B860036F741 /* Hash */,
				15015E3A118B3EBB00972828 /* List */,
				15015CA3118AE34900972828 /* Basics */,
				154BDAD31184912D00A7FCA2 /* Number */,
				154BDA491184874600A7FCA2 /* Data */,
				154BD8D8118478DA00A7FCA2 /* ILObject */,
				154BDA501184877E00A7FCA2 /* Argyle.h */,
			);
			name = Source;
			sourceTree = "<group>";
		};
		15015CA3118AE34900972828 /* Basics */ = {
			isa = PBXGroup;
			children = (
				15015CA4118AE35400972828 /* ILLinkedList.h */,
				15015CA5118AE35400972828 /* ILLinkedList.cpp */,
				15015D6A118B301B00972828 /* ILLinkedListTest.h */,
				15015D6B118B301B00972828 /* ILLinkedListTest.mm */,
			);
			name = Basics;
			sourceTree = "<group>";
		};
		15015E3A118B3EBB00972828 /* List */ = {
			isa = PBXGroup;
			children = (
				15015E3B118B3ECD00972828 /* ILList.h */,
				15015E3C118B3ECD00972828 /* ILList.cpp */,
				15015E51118B41E200972828 /* ILListTest.h */,
				15015E52118B41E200972828 /* ILListTest.mm */,
			);
			name = List;
			sourceTree = "<group>";
		};
		154BD8D8118478DA00A7FCA2 /* ILObject */ = {
			isa = PBXGroup;
			children = (
				156A8C07118DBFE800C4D67E /* ILReleasePoolDelegate.h */,
				156A8C08118DBFE800C4D67E /* ILReleasePoolDelegate.cpp */,
				154BD8AC1184773500A7FCA2 /* ILObject.h */,
				154BD8AD1184773500A7FCA2 /* ILObject.cpp */,
				154BD8D9118478E800A7FCA2 /* ILObjectTest.h */,
				154BD8DA118478E800A7FCA2 /* ILObjectTest.mm */,
				154BD8FE11847AEB00A7FCA2 /* ILReleasePool.h */,
				154BD8FF11847AEB00A7FCA2 /* ILReleasePool.cpp */,
			);
			name = ILObject;
			sourceTree = "<group>";
		};
		154BDA491184874600A7FCA2 /* Data */ = {
			isa = PBXGroup;
			children = (
				154BDA4A1184875000A7FCA2 /* ILData.h */,
				154BDA4B1184875000A7FCA2 /* ILData.cpp */,
				154BDA8B11848CF200A7FCA2 /* ILDataTest.h */,
				154BDA8C11848CF200A7FCA2 /* ILDataTest.mm */,
			);
			name = Data;
			sourceTree = "<group>";
		};
		154BDAD31184912D00A7FCA2 /* Number */ = {
			isa = PBXGroup;
			children = (
				154BDAD41184914900A7FCA2 /* ILNumber.h */,
				154BDAD51184914900A7FCA2 /* ILNumber.cpp */,
				154BDAEC1184945A00A7FCA2 /* ILNumberTest.h */,
				154BDAED1184945A00A7FCA2 /* ILNumberTest.mm */,
			);
			name = Number;
			sourceTree = "<group>";
		};
		155E5053118B8B860036F741 /* Hash */ = {
			isa = PBXGroup;
			children = (
				155E5054118B8B940036F741 /* ILHash.h */,
				155E5055118B8B940036F741 /* ILHash.cpp */,
				157282FC118CBA0400588AF1 /* ILHashTest.h */,
				157282FD118CBA0400588AF1 /* ILHashTest.mm */,
			);
			name = Hash;
			sourceTree = "<group>";
		};
		156A8C57118E011100C4D67E /* Map */ = {
			isa = PBXGroup;
			children = (
				156A8CCA118E059500C4D67E /* ILMap.h */,
				156A8CCB118E059500C4D67E /* ILMap.cpp */,
				156A8D2D118E0D4800C4D67E /* ILMapTest.h */,
				156A8D2E118E0D4800C4D67E /* ILMapTest.mm */,
			);
			name = Map;
			sourceTree = "<group>";
		};
		15EA0175119168C500C4296E /* ILMessage */ = {
			isa = PBXGroup;
			children = (
				15EA0176119168D100C4296E /* ILMessage.h */,
				15EA0177119168D100C4296E /* ILMessage.cpp */,
			);
			name = ILMessage;
			sourceTree = "<group>";
		};
		5073E0CA09E734BC00EC74B6 /* Configuration Files */ = {
			isa = PBXGroup;
			children = (
				5073E0C609E734A800EC74B6 /* ArgyleProj.xcconfig */,
				5073E0C709E734A800EC74B6 /* ArgyleTarget.xcconfig */,
			);
			name = "Configuration Files";
			sourceTree = "<group>";
		};
/* End PBXGroup section */

/* Begin PBXHeadersBuildPhase section */
		D2AAC09905546B4700DB518D /* Headers */ = {
			isa = PBXHeadersBuildPhase;
			buildActionMask = 2147483647;
			files = (
				154BD8AE1184773500A7FCA2 /* ILObject.h in Headers */,
				154BD8DB118478E800A7FCA2 /* ILObjectTest.h in Headers */,
				154BD90011847AEB00A7FCA2 /* ILReleasePool.h in Headers */,
				154BDA4C1184875000A7FCA2 /* ILData.h in Headers */,
				154BDA511184877E00A7FCA2 /* Argyle.h in Headers */,
				154BDA8D11848CF200A7FCA2 /* ILDataTest.h in Headers */,
				154BDAD61184914900A7FCA2 /* ILNumber.h in Headers */,
				15015E3E118B3ECD00972828 /* ILList.h in Headers */,
				15015E54118B41E200972828 /* ILListTest.h in Headers */,
				155E5057118B8B940036F741 /* ILHash.h in Headers */,
				15EA0179119168D100C4296E /* ILMessage.h in Headers */,
			);
			runOnlyForDeploymentPostprocessing = 0;
		};
/* End PBXHeadersBuildPhase section */

/* Begin PBXNativeTarget section */
		154BD8CE118478A900A7FCA2 /* Argyle-Test */ = {
			isa = PBXNativeTarget;
			buildConfigurationList = 154BD8D3118478AA00A7FCA2 /* Build configuration list for PBXNativeTarget "Argyle-Test" */;
			buildPhases = (
				154BD8CA118478A900A7FCA2 /* Resources */,
				154BD8CB118478A900A7FCA2 /* Sources */,
				154BD8CC118478A900A7FCA2 /* Frameworks */,
				154BD8CD118478A900A7FCA2 /* ShellScript */,
			);
			buildRules = (
			);
			dependencies = (
			);
			name = "Argyle-Test";
			productName = "Argyle-Test";
			productReference = 154BD8CF118478A900A7FCA2 /* Argyle-Test.octest */;
			productType = "com.apple.product-type.bundle";
		};
		D2AAC09C05546B4700DB518D /* Argyle */ = {
			isa = PBXNativeTarget;
			buildConfigurationList = 1DEB916008733D950010E9CD /* Build configuration list for PBXNativeTarget "Argyle" */;
			buildPhases = (
				D2AAC09905546B4700DB518D /* Headers */,
				D2AAC09B05546B4700DB518D /* Frameworks */,
				D2AAC09A05546B4700DB518D /* Sources */,
			);
			buildRules = (
			);
			dependencies = (
				154BD8D5118478B700A7FCA2 /* PBXTargetDependency */,
			);
			name = Argyle;
			productName = libArgyle;
			productReference = D2AAC09D05546B4700DB518D /* libArgyle.dylib */;
			productType = "com.apple.product-type.library.dynamic";
		};
/* End PBXNativeTarget section */

/* Begin PBXProject section */
		0867D690FE84028FC02AAC07 /* Project object */ = {
			isa = PBXProject;
			buildConfigurationList = 1DEB916408733D950010E9CD /* Build configuration list for PBXProject "Argyle" */;
			compatibilityVersion = "Xcode 3.1";
			hasScannedForEncodings = 1;
			mainGroup = 0867D691FE84028FC02AAC07 /* Argyle */;
			productRefGroup = 034768DDFF38A45A11DB9C8B /* Products */;
			projectDirPath = "";
			projectRoot = "";
			targets = (
				D2AAC09C05546B4700DB518D /* Argyle */,
				154BD8CE118478A900A7FCA2 /* Argyle-Test */,
			);
		};
/* End PBXProject section */

/* Begin PBXResourcesBuildPhase section */
		154BD8CA118478A900A7FCA2 /* Resources */ = {
			isa = PBXResourcesBuildPhase;
			buildActionMask = 2147483647;
			files = (
			);
			runOnlyForDeploymentPostprocessing = 0;
		};
/* End PBXResourcesBuildPhase section */

/* Begin PBXShellScriptBuildPhase section */
		154BD8CD118478A900A7FCA2 /* ShellScript */ = {
			isa = PBXShellScriptBuildPhase;
			buildActionMask = 2147483647;
			files = (
			);
			inputPaths = (
			);
			outputPaths = (
			);
			runOnlyForDeploymentPostprocessing = 0;
			shellPath = /bin/sh;
			shellScript = "# Run the unit tests in this test bundle.\n\"${SYSTEM_DEVELOPER_DIR}/Tools/RunUnitTests\"\n";
		};
/* End PBXShellScriptBuildPhase section */

/* Begin PBXSourcesBuildPhase section */
		154BD8CB118478A900A7FCA2 /* Sources */ = {
			isa = PBXSourcesBuildPhase;
			buildActionMask = 2147483647;
			files = (
				154BD8E81184798300A7FCA2 /* ILObjectTest.mm in Sources */,
				154BD8F411847A4C00A7FCA2 /* ILObject.cpp in Sources */,
				154BD90711847CEB00A7FCA2 /* ILReleasePool.cpp in Sources */,
				154BDA4E1184875000A7FCA2 /* ILData.cpp in Sources */,
				154BDA8F11848CF200A7FCA2 /* ILDataTest.mm in Sources */,
				154BDAD81184914900A7FCA2 /* ILNumber.cpp in Sources */,
				154BDAEE1184945A00A7FCA2 /* ILNumberTest.mm in Sources */,
				15015CA6118AE35400972828 /* ILLinkedList.cpp in Sources */,
				15015D6C118B301B00972828 /* ILLinkedListTest.mm in Sources */,
				15015E3D118B3ECD00972828 /* ILList.cpp in Sources */,
				15015E53118B41E200972828 /* ILListTest.mm in Sources */,
				155E5056118B8B940036F741 /* ILHash.cpp in Sources */,
				157282FE118CBA0400588AF1 /* ILHashTest.mm in Sources */,
				156A8C09118DBFE800C4D67E /* ILReleasePoolDelegate.cpp in Sources */,
				156A8CCC118E059500C4D67E /* ILMap.cpp in Sources */,
				156A8D2F118E0D4800C4D67E /* ILMapTest.mm in Sources */,
				15EA0178119168D100C4296E /* ILMessage.cpp in Sources */,
			);
			runOnlyForDeploymentPostprocessing = 0;
		};
		D2AAC09A05546B4700DB518D /* Sources */ = {
			isa = PBXSourcesBuildPhase;
			buildActionMask = 2147483647;
			files = (
				154BD8AF1184773500A7FCA2 /* ILObject.cpp in Sources */,
				154BD90111847AEB00A7FCA2 /* ILReleasePool.cpp in Sources */,
				154BDA4D1184875000A7FCA2 /* ILData.cpp in Sources */,
				154BDAD71184914900A7FCA2 /* ILNumber.cpp in Sources */,
				15015D5F118B2FFD00972828 /* ILLinkedList.cpp in Sources */,
				15015E3F118B3ECD00972828 /* ILList.cpp in Sources */,
				155E5058118B8B940036F741 /* ILHash.cpp in Sources */,
				156A8D30118E0D4C00C4D67E /* ILMap.cpp in Sources */,
				15EA017A119168D100C4296E /* ILMessage.cpp in Sources */,
			);
			runOnlyForDeploymentPostprocessing = 0;
		};
/* End PBXSourcesBuildPhase section */

/* Begin PBXTargetDependency section */
		154BD8D5118478B700A7FCA2 /* PBXTargetDependency */ = {
			isa = PBXTargetDependency;
			target = 154BD8CE118478A900A7FCA2 /* Argyle-Test */;
			targetProxy = 154BD8D4118478B700A7FCA2 /* PBXContainerItemProxy */;
		};
/* End PBXTargetDependency section */

/* Begin XCBuildConfiguration section */
		154BD8D1118478AA00A7FCA2 /* Debug */ = {
			isa = XCBuildConfiguration;
			buildSettings = {
				ALWAYS_SEARCH_USER_PATHS = NO;
				COPY_PHASE_STRIP = NO;
				FRAMEWORK_SEARCH_PATHS = "$(DEVELOPER_LIBRARY_DIR)/Frameworks";
				GCC_DYNAMIC_NO_PIC = NO;
				GCC_ENABLE_FIX_AND_CONTINUE = NO;
				GCC_ENABLE_OBJC_EXCEPTIONS = YES;
				GCC_MODEL_TUNING = G5;
				GCC_OPTIMIZATION_LEVEL = 0;
				GCC_PRECOMPILE_PREFIX_HEADER = YES;
				GCC_PREFIX_HEADER = Argyle_Prefix.pch;
				GCC_PREPROCESSOR_DEFINITIONS = "DEBUG=1";
				INFOPLIST_FILE = "Argyle-Test-Info.plist";
				INSTALL_PATH = "$(USER_LIBRARY_DIR)/Bundles";
				OTHER_LDFLAGS = (
					"-framework",
					Cocoa,
					"-framework",
					SenTestingKit,
				);
				PREBINDING = NO;
				PRODUCT_NAME = "Argyle-Test";
				WRAPPER_EXTENSION = octest;
			};
			name = Debug;
		};
		154BD8D2118478AA00A7FCA2 /* Release */ = {
			isa = XCBuildConfiguration;
			buildSettings = {
				ALWAYS_SEARCH_USER_PATHS = NO;
				COPY_PHASE_STRIP = YES;
				DEBUG_INFORMATION_FORMAT = "dwarf-with-dsym";
				FRAMEWORK_SEARCH_PATHS = "$(DEVELOPER_LIBRARY_DIR)/Frameworks";
				GCC_ENABLE_FIX_AND_CONTINUE = NO;
				GCC_ENABLE_OBJC_EXCEPTIONS = YES;
				GCC_MODEL_TUNING = G5;
				GCC_PRECOMPILE_PREFIX_HEADER = YES;
				GCC_PREFIX_HEADER = Argyle_Prefix.pch;
				INFOPLIST_FILE = "Argyle-Test-Info.plist";
				INSTALL_PATH = "$(USER_LIBRARY_DIR)/Bundles";
				OTHER_LDFLAGS = (
					"-framework",
					Cocoa,
					"-framework",
					SenTestingKit,
				);
				PREBINDING = NO;
				PRODUCT_NAME = "Argyle-Test";
				WRAPPER_EXTENSION = octest;
				ZERO_LINK = NO;
			};
			name = Release;
		};
		1DEB916108733D950010E9CD /* Debug */ = {
			isa = XCBuildConfiguration;
			baseConfigurationReference = 5073E0C709E734A800EC74B6 /* ArgyleTarget.xcconfig */;
			buildSettings = {
				ALWAYS_SEARCH_USER_PATHS = NO;
				COPY_PHASE_STRIP = NO;
				GCC_DYNAMIC_NO_PIC = NO;
				GCC_ENABLE_FIX_AND_CONTINUE = YES;
				GCC_MODEL_TUNING = G5;
				GCC_OPTIMIZATION_LEVEL = 0;
				GCC_PRECOMPILE_PREFIX_HEADER = YES;
				GCC_PREFIX_HEADER = Argyle_Prefix.pch;
				GCC_VERSION = com.apple.compilers.llvm.clang.1_0;
			};
			name = Debug;
		};
		1DEB916208733D950010E9CD /* Release */ = {
			isa = XCBuildConfiguration;
			baseConfigurationReference = 5073E0C709E734A800EC74B6 /* ArgyleTarget.xcconfig */;
			buildSettings = {
				ALWAYS_SEARCH_USER_PATHS = NO;
				DEBUG_INFORMATION_FORMAT = "dwarf-with-dsym";
				GCC_MODEL_TUNING = G5;
				GCC_PRECOMPILE_PREFIX_HEADER = YES;
				GCC_PREFIX_HEADER = Argyle_Prefix.pch;
				GCC_VERSION = com.apple.compilers.llvm.clang.1_0;
				STRIP_INSTALLED_PRODUCT = YES;
				STRIP_STYLE = "non-global";
			};
			name = Release;
		};
		1DEB916508733D950010E9CD /* Debug */ = {
			isa = XCBuildConfiguration;
			baseConfigurationReference = 5073E0C609E734A800EC74B6 /* ArgyleProj.xcconfig */;
			buildSettings = {
				ARCHS = "$(ARCHS_STANDARD_32_64_BIT)";
				GCC_C_LANGUAGE_STANDARD = gnu99;
				GCC_OPTIMIZATION_LEVEL = 0;
				GCC_WARN_ABOUT_RETURN_TYPE = YES;
				GCC_WARN_UNUSED_VARIABLE = YES;
				ONLY_ACTIVE_ARCH = YES;
				PREBINDING = NO;
				SDKROOT = macosx10.6;
			};
			name = Debug;
		};
		1DEB916608733D950010E9CD /* Release */ = {
			isa = XCBuildConfiguration;
			baseConfigurationReference = 5073E0C609E734A800EC74B6 /* ArgyleProj.xcconfig */;
			buildSettings = {
				ARCHS = "$(ARCHS_STANDARD_32_64_BIT)";
				GCC_C_LANGUAGE_STANDARD = gnu99;
				GCC_WARN_ABOUT_RETURN_TYPE = YES;
				GCC_WARN_UNUSED_VARIABLE = YES;
				PREBINDING = NO;
				SDKROOT = macosx10.6;
			};
			name = Release;
		};
/* End XCBuildConfiguration section */

/* Begin XCConfigurationList section */
		154BD8D3118478AA00A7FCA2 /* Build configuration list for PBXNativeTarget "Argyle-Test" */ = {
			isa = XCConfigurationList;
			buildConfigurations = (
				154BD8D1118478AA00A7FCA2 /* Debug */,
				154BD8D2118478AA00A7FCA2 /* Release */,
			);
			defaultConfigurationIsVisible = 0;
			defaultConfigurationName = Release;
		};
		1DEB916008733D950010E9CD /* Build configuration list for PBXNativeTarget "Argyle" */ = {
			isa = XCConfigurationList;
			buildConfigurations = (
				1DEB916108733D950010E9CD /* Debug */,
				1DEB916208733D950010E9CD /* Release */,
			);
			defaultConfigurationIsVisible = 0;
			defaultConfigurationName = Release;
		};
		1DEB916408733D950010E9CD /* Build configuration list for PBXProject "Argyle" */ = {
			isa = XCConfigurationList;
			buildConfigurations = (
				1DEB916508733D950010E9CD /* Debug */,
				1DEB916608733D950010E9CD /* Release */,
			);
			defaultConfigurationIsVisible = 0;
			defaultConfigurationName = Release;
		};
/* End XCConfigurationList section */
	};
	rootObject = 0867D690FE84028FC02AAC07 /* Project object */;
}
