// !$*UTF8*$!
{
	archiveVersion = 1;
	classes = {
	};
	objectVersion = 45;
	objects = {

/* Begin PBXBuildFile section */
		15015CA6118AE35400972828 /* ILLinkedList.cpp in Sources */ = {isa = PBXBuildFile; fileRef = 15015CA5118AE35400972828 /* ILLinkedList.cpp */; };
		15015D5F118B2FFD00972828 /* ILLinkedList.cpp in Sources */ = {isa = PBXBuildFile; fileRef = 15015CA5118AE35400972828 /* ILLinkedList.cpp */; };
		15015D6C118B301B00972828 /* ILLinkedListTest.mm in Sources */ = {isa = PBXBuildFile; fileRef = 15015D6B118B301B00972828 /* ILLinkedListTest.mm */; };
		15015E3D118B3ECD00972828 /* ILList.cpp in Sources */ = {isa = PBXBuildFile; fileRef = 15015E3C118B3ECD00972828 /* ILList.cpp */; };
		15015E3E118B3ECD00972828 /* ILList.h in Headers */ = {isa = PBXBuildFile; fileRef = 15015E3B118B3ECD00972828 /* ILList.h */; };
		15015E3F118B3ECD00972828 /* ILList.cpp in Sources */ = {isa = PBXBuildFile; fileRef = 15015E3C118B3ECD00972828 /* ILList.cpp */; };
		15015E53118B41E200972828 /* ILListTest.mm in Sources */ = {isa = PBXBuildFile; fileRef = 15015E52118B41E200972828 /* ILListTest.mm */; };
		15015E54118B41E200972828 /* ILListTest.h in Headers */ = {isa = PBXBuildFile; fileRef = 15015E51118B41E200972828 /* ILListTest.h */; };
		15234ABF11998A1300721A5E /* ILMessageHubTest.mm in Sources */ = {isa = PBXBuildFile; fileRef = 15234ABE11998A1300721A5E /* ILMessageHubTest.mm */; };
		15234BC2119993E300721A5E /* ILThreadTarget.cpp in Sources */ = {isa = PBXBuildFile; fileRef = 15234BC1119993E300721A5E /* ILThreadTarget.cpp */; };
		15234BC3119993E300721A5E /* ILThreadTarget.h in Headers */ = {isa = PBXBuildFile; fileRef = 15234BC0119993E300721A5E /* ILThreadTarget.h */; };
		15234BC4119993E300721A5E /* ILThreadTarget.cpp in Sources */ = {isa = PBXBuildFile; fileRef = 15234BC1119993E300721A5E /* ILThreadTarget.cpp */; };
		15234BCD119995CC00721A5E /* ILRunLoop.cpp in Sources */ = {isa = PBXBuildFile; fileRef = 15234BCC119995CC00721A5E /* ILRunLoop.cpp */; };
		15234BCE119995CC00721A5E /* ILRunLoop.h in Headers */ = {isa = PBXBuildFile; fileRef = 15234BCB119995CC00721A5E /* ILRunLoop.h */; };
		15234BCF119995CC00721A5E /* ILRunLoop.cpp in Sources */ = {isa = PBXBuildFile; fileRef = 15234BCC119995CC00721A5E /* ILRunLoop.cpp */; };
		15234BD2119996D100721A5E /* ILSource.h in Headers */ = {isa = PBXBuildFile; fileRef = 15234BD1119996D100721A5E /* ILSource.h */; };
		15234CC11199E3CF00721A5E /* ILData.cpp in Sources */ = {isa = PBXBuildFile; fileRef = 154BDA4B1184875000A7FCA2 /* ILData.cpp */; };
		15234CC21199E3CF00721A5E /* ILHash.cpp in Sources */ = {isa = PBXBuildFile; fileRef = 155E5055118B8B940036F741 /* ILHash.cpp */; };
		15234CC31199E3CF00721A5E /* ILLinkedList.cpp in Sources */ = {isa = PBXBuildFile; fileRef = 15015CA5118AE35400972828 /* ILLinkedList.cpp */; };
		15234CC41199E3CF00721A5E /* ILList.cpp in Sources */ = {isa = PBXBuildFile; fileRef = 15015E3C118B3ECD00972828 /* ILList.cpp */; };
		15234CC51199E3CF00721A5E /* ILMap.cpp in Sources */ = {isa = PBXBuildFile; fileRef = 156A8CCB118E059500C4D67E /* ILMap.cpp */; };
		15234CC61199E3CF00721A5E /* ILMessage.cpp in Sources */ = {isa = PBXBuildFile; fileRef = 15EA0177119168D100C4296E /* ILMessage.cpp */; };
		15234CC71199E3CF00721A5E /* ILMessageHub.cpp in Sources */ = {isa = PBXBuildFile; fileRef = 154AD0A311921F0300950C9D /* ILMessageHub.cpp */; };
		15234CC81199E3CF00721A5E /* ILNumber.cpp in Sources */ = {isa = PBXBuildFile; fileRef = 154BDAD51184914900A7FCA2 /* ILNumber.cpp */; };
		15234CC91199E3CF00721A5E /* ILObject.cpp in Sources */ = {isa = PBXBuildFile; fileRef = 154BD8AD1184773500A7FCA2 /* ILObject.cpp */; };
		15234CCA1199E3CF00721A5E /* ILReleasePool.cpp in Sources */ = {isa = PBXBuildFile; fileRef = 154BD8FF11847AEB00A7FCA2 /* ILReleasePool.cpp */; };
		15234CCB1199E3CF00721A5E /* ILReleasePoolDelegate.cpp in Sources */ = {isa = PBXBuildFile; fileRef = 156A8C08118DBFE800C4D67E /* ILReleasePoolDelegate.cpp */; };
		15234CCC1199E3CF00721A5E /* ILRunLoop.cpp in Sources */ = {isa = PBXBuildFile; fileRef = 15234BCC119995CC00721A5E /* ILRunLoop.cpp */; };
		15234CCD1199E3CF00721A5E /* ILThreadTarget.cpp in Sources */ = {isa = PBXBuildFile; fileRef = 15234BC1119993E300721A5E /* ILThreadTarget.cpp */; };
		15234CCE1199E3D300721A5E /* ILReleasePoolDelegate.cpp in Sources */ = {isa = PBXBuildFile; fileRef = 156A8C08118DBFE800C4D67E /* ILReleasePoolDelegate.cpp */; };
		15234CF11199E45A00721A5E /* main-Playground.cpp in Sources */ = {isa = PBXBuildFile; fileRef = 15234CF01199E45A00721A5E /* main-Playground.cpp */; };
		15234DCE119A966E00721A5E /* ILSet.cpp in Sources */ = {isa = PBXBuildFile; fileRef = 15234DCD119A966E00721A5E /* ILSet.cpp */; };
		15234DCF119A966E00721A5E /* ILSet.cpp in Sources */ = {isa = PBXBuildFile; fileRef = 15234DCD119A966E00721A5E /* ILSet.cpp */; };
		15234DD0119A966E00721A5E /* ILSet.h in Headers */ = {isa = PBXBuildFile; fileRef = 15234DCC119A966E00721A5E /* ILSet.h */; };
		15234DD1119A966E00721A5E /* ILSet.cpp in Sources */ = {isa = PBXBuildFile; fileRef = 15234DCD119A966E00721A5E /* ILSet.cpp */; };
		15234DF3119A9B5D00721A5E /* ILSetTest.mm in Sources */ = {isa = PBXBuildFile; fileRef = 15234DF2119A9B5D00721A5E /* ILSetTest.mm */; };
		154AD0A411921F0300950C9D /* ILMessageHub.cpp in Sources */ = {isa = PBXBuildFile; fileRef = 154AD0A311921F0300950C9D /* ILMessageHub.cpp */; };
		154AD0A511921F0300950C9D /* ILMessageHub.h in Headers */ = {isa = PBXBuildFile; fileRef = 154AD0A211921F0300950C9D /* ILMessageHub.h */; };
		154AD0A611921F0300950C9D /* ILMessageHub.cpp in Sources */ = {isa = PBXBuildFile; fileRef = 154AD0A311921F0300950C9D /* ILMessageHub.cpp */; };
		154BD8AE1184773500A7FCA2 /* ILObject.h in Headers */ = {isa = PBXBuildFile; fileRef = 154BD8AC1184773500A7FCA2 /* ILObject.h */; };
		154BD8AF1184773500A7FCA2 /* ILObject.cpp in Sources */ = {isa = PBXBuildFile; fileRef = 154BD8AD1184773500A7FCA2 /* ILObject.cpp */; };
		154BD8DB118478E800A7FCA2 /* ILObjectTest.h in Headers */ = {isa = PBXBuildFile; fileRef = 154BD8D9118478E800A7FCA2 /* ILObjectTest.h */; };
		154BD8E81184798300A7FCA2 /* ILObjectTest.mm in Sources */ = {isa = PBXBuildFile; fileRef = 154BD8DA118478E800A7FCA2 /* ILObjectTest.mm */; };
		154BD8F411847A4C00A7FCA2 /* ILObject.cpp in Sources */ = {isa = PBXBuildFile; fileRef = 154BD8AD1184773500A7FCA2 /* ILObject.cpp */; };
		154BD90011847AEB00A7FCA2 /* ILReleasePool.h in Headers */ = {isa = PBXBuildFile; fileRef = 154BD8FE11847AEB00A7FCA2 /* ILReleasePool.h */; };
		154BD90111847AEB00A7FCA2 /* ILReleasePool.cpp in Sources */ = {isa = PBXBuildFile; fileRef = 154BD8FF11847AEB00A7FCA2 /* ILReleasePool.cpp */; };
		154BD90711847CEB00A7FCA2 /* ILReleasePool.cpp in Sources */ = {isa = PBXBuildFile; fileRef = 154BD8FF11847AEB00A7FCA2 /* ILReleasePool.cpp */; };
		154BDA4C1184875000A7FCA2 /* ILData.h in Headers */ = {isa = PBXBuildFile; fileRef = 154BDA4A1184875000A7FCA2 /* ILData.h */; };
		154BDA4D1184875000A7FCA2 /* ILData.cpp in Sources */ = {isa = PBXBuildFile; fileRef = 154BDA4B1184875000A7FCA2 /* ILData.cpp */; };
		154BDA4E1184875000A7FCA2 /* ILData.cpp in Sources */ = {isa = PBXBuildFile; fileRef = 154BDA4B1184875000A7FCA2 /* ILData.cpp */; };
		154BDA511184877E00A7FCA2 /* Argyle.h in Headers */ = {isa = PBXBuildFile; fileRef = 154BDA501184877E00A7FCA2 /* Argyle.h */; };
		154BDA8D11848CF200A7FCA2 /* ILDataTest.h in Headers */ = {isa = PBXBuildFile; fileRef = 154BDA8B11848CF200A7FCA2 /* ILDataTest.h */; };
		154BDA8F11848CF200A7FCA2 /* ILDataTest.mm in Sources */ = {isa = PBXBuildFile; fileRef = 154BDA8C11848CF200A7FCA2 /* ILDataTest.mm */; };
		154BDAD61184914900A7FCA2 /* ILNumber.h in Headers */ = {isa = PBXBuildFile; fileRef = 154BDAD41184914900A7FCA2 /* ILNumber.h */; };
		154BDAD71184914900A7FCA2 /* ILNumber.cpp in Sources */ = {isa = PBXBuildFile; fileRef = 154BDAD51184914900A7FCA2 /* ILNumber.cpp */; };
		154BDAD81184914900A7FCA2 /* ILNumber.cpp in Sources */ = {isa = PBXBuildFile; fileRef = 154BDAD51184914900A7FCA2 /* ILNumber.cpp */; };
		154BDAEE1184945A00A7FCA2 /* ILNumberTest.mm in Sources */ = {isa = PBXBuildFile; fileRef = 154BDAED1184945A00A7FCA2 /* ILNumberTest.mm */; };
		155E5056118B8B940036F741 /* ILHash.cpp in Sources */ = {isa = PBXBuildFile; fileRef = 155E5055118B8B940036F741 /* ILHash.cpp */; };
		155E5057118B8B940036F741 /* ILHash.h in Headers */ = {isa = PBXBuildFile; fileRef = 155E5054118B8B940036F741 /* ILHash.h */; };
		155E5058118B8B940036F741 /* ILHash.cpp in Sources */ = {isa = PBXBuildFile; fileRef = 155E5055118B8B940036F741 /* ILHash.cpp */; };
		156A8C09118DBFE800C4D67E /* ILReleasePoolDelegate.cpp in Sources */ = {isa = PBXBuildFile; fileRef = 156A8C08118DBFE800C4D67E /* ILReleasePoolDelegate.cpp */; };
		156A8CCC118E059500C4D67E /* ILMap.cpp in Sources */ = {isa = PBXBuildFile; fileRef = 156A8CCB118E059500C4D67E /* ILMap.cpp */; };
		156A8D2F118E0D4800C4D67E /* ILMapTest.mm in Sources */ = {isa = PBXBuildFile; fileRef = 156A8D2E118E0D4800C4D67E /* ILMapTest.mm */; };
		156A8D30118E0D4C00C4D67E /* ILMap.cpp in Sources */ = {isa = PBXBuildFile; fileRef = 156A8CCB118E059500C4D67E /* ILMap.cpp */; };
		157282FE118CBA0400588AF1 /* ILHashTest.mm in Sources */ = {isa = PBXBuildFile; fileRef = 157282FD118CBA0400588AF1 /* ILHashTest.mm */; };
		1594473911A0A89B00550EDA /* ILSource.cpp in Sources */ = {isa = PBXBuildFile; fileRef = 1594473811A0A89B00550EDA /* ILSource.cpp */; };
		1594473A11A0A89B00550EDA /* ILSource.cpp in Sources */ = {isa = PBXBuildFile; fileRef = 1594473811A0A89B00550EDA /* ILSource.cpp */; };
		1594473B11A0A89B00550EDA /* ILSource.cpp in Sources */ = {isa = PBXBuildFile; fileRef = 1594473811A0A89B00550EDA /* ILSource.cpp */; };
		1594473C11A0A89B00550EDA /* ILSource.cpp in Sources */ = {isa = PBXBuildFile; fileRef = 1594473811A0A89B00550EDA /* ILSource.cpp */; };
		15BB4CA2119B2BCB00E8E19D /* ILString.cpp in Sources */ = {isa = PBXBuildFile; fileRef = 15BB4CA1119B2BCB00E8E19D /* ILString.cpp */; };
		15BB4CA3119B2BCB00E8E19D /* ILString.cpp in Sources */ = {isa = PBXBuildFile; fileRef = 15BB4CA1119B2BCB00E8E19D /* ILString.cpp */; };
		15BB4CA4119B2BCB00E8E19D /* ILString.h in Headers */ = {isa = PBXBuildFile; fileRef = 15BB4CA0119B2BCB00E8E19D /* ILString.h */; };
		15BB4CA5119B2BCB00E8E19D /* ILString.cpp in Sources */ = {isa = PBXBuildFile; fileRef = 15BB4CA1119B2BCB00E8E19D /* ILString.cpp */; };
		15DCD881119F4491002746F0 /* ILObject.h in Headers */ = {isa = PBXBuildFile; fileRef = 154BD8AC1184773500A7FCA2 /* ILObject.h */; };
		15DCD882119F4491002746F0 /* ILObjectTest.h in Headers */ = {isa = PBXBuildFile; fileRef = 154BD8D9118478E800A7FCA2 /* ILObjectTest.h */; };
		15DCD883119F4491002746F0 /* ILReleasePool.h in Headers */ = {isa = PBXBuildFile; fileRef = 154BD8FE11847AEB00A7FCA2 /* ILReleasePool.h */; };
		15DCD884119F4491002746F0 /* ILData.h in Headers */ = {isa = PBXBuildFile; fileRef = 154BDA4A1184875000A7FCA2 /* ILData.h */; };
		15DCD885119F4491002746F0 /* Argyle.h in Headers */ = {isa = PBXBuildFile; fileRef = 154BDA501184877E00A7FCA2 /* Argyle.h */; };
		15DCD886119F4491002746F0 /* ILDataTest.h in Headers */ = {isa = PBXBuildFile; fileRef = 154BDA8B11848CF200A7FCA2 /* ILDataTest.h */; };
		15DCD887119F4491002746F0 /* ILNumber.h in Headers */ = {isa = PBXBuildFile; fileRef = 154BDAD41184914900A7FCA2 /* ILNumber.h */; };
		15DCD888119F4491002746F0 /* ILList.h in Headers */ = {isa = PBXBuildFile; fileRef = 15015E3B118B3ECD00972828 /* ILList.h */; };
		15DCD889119F4491002746F0 /* ILListTest.h in Headers */ = {isa = PBXBuildFile; fileRef = 15015E51118B41E200972828 /* ILListTest.h */; };
		15DCD88A119F4491002746F0 /* ILHash.h in Headers */ = {isa = PBXBuildFile; fileRef = 155E5054118B8B940036F741 /* ILHash.h */; };
		15DCD88B119F4491002746F0 /* ILMessage.h in Headers */ = {isa = PBXBuildFile; fileRef = 15EA0176119168D100C4296E /* ILMessage.h */; };
		15DCD88C119F4491002746F0 /* ILMessageHub.h in Headers */ = {isa = PBXBuildFile; fileRef = 154AD0A211921F0300950C9D /* ILMessageHub.h */; };
		15DCD88D119F4491002746F0 /* ILThreadTarget.h in Headers */ = {isa = PBXBuildFile; fileRef = 15234BC0119993E300721A5E /* ILThreadTarget.h */; };
		15DCD88E119F4491002746F0 /* ILRunLoop.h in Headers */ = {isa = PBXBuildFile; fileRef = 15234BCB119995CC00721A5E /* ILRunLoop.h */; };
		15DCD88F119F4491002746F0 /* ILSource.h in Headers */ = {isa = PBXBuildFile; fileRef = 15234BD1119996D100721A5E /* ILSource.h */; };
		15DCD890119F4491002746F0 /* ILSet.h in Headers */ = {isa = PBXBuildFile; fileRef = 15234DCC119A966E00721A5E /* ILSet.h */; };
		15DCD891119F4491002746F0 /* ILString.h in Headers */ = {isa = PBXBuildFile; fileRef = 15BB4CA0119B2BCB00E8E19D /* ILString.h */; };
		15DCD892119F4498002746F0 /* ILObject.cpp in Sources */ = {isa = PBXBuildFile; fileRef = 154BD8AD1184773500A7FCA2 /* ILObject.cpp */; };
		15DCD893119F4498002746F0 /* ILReleasePool.cpp in Sources */ = {isa = PBXBuildFile; fileRef = 154BD8FF11847AEB00A7FCA2 /* ILReleasePool.cpp */; };
		15DCD894119F4498002746F0 /* ILData.cpp in Sources */ = {isa = PBXBuildFile; fileRef = 154BDA4B1184875000A7FCA2 /* ILData.cpp */; };
		15DCD895119F4498002746F0 /* ILNumber.cpp in Sources */ = {isa = PBXBuildFile; fileRef = 154BDAD51184914900A7FCA2 /* ILNumber.cpp */; };
		15DCD896119F4498002746F0 /* ILLinkedList.cpp in Sources */ = {isa = PBXBuildFile; fileRef = 15015CA5118AE35400972828 /* ILLinkedList.cpp */; };
		15DCD897119F4498002746F0 /* ILList.cpp in Sources */ = {isa = PBXBuildFile; fileRef = 15015E3C118B3ECD00972828 /* ILList.cpp */; };
		15DCD898119F4498002746F0 /* ILHash.cpp in Sources */ = {isa = PBXBuildFile; fileRef = 155E5055118B8B940036F741 /* ILHash.cpp */; };
		15DCD899119F4498002746F0 /* ILMap.cpp in Sources */ = {isa = PBXBuildFile; fileRef = 156A8CCB118E059500C4D67E /* ILMap.cpp */; };
		15DCD89A119F4498002746F0 /* ILMessage.cpp in Sources */ = {isa = PBXBuildFile; fileRef = 15EA0177119168D100C4296E /* ILMessage.cpp */; };
		15DCD89B119F4498002746F0 /* ILMessageHub.cpp in Sources */ = {isa = PBXBuildFile; fileRef = 154AD0A311921F0300950C9D /* ILMessageHub.cpp */; };
		15DCD89C119F4498002746F0 /* ILThreadTarget.cpp in Sources */ = {isa = PBXBuildFile; fileRef = 15234BC1119993E300721A5E /* ILThreadTarget.cpp */; };
		15DCD89D119F4498002746F0 /* ILRunLoop.cpp in Sources */ = {isa = PBXBuildFile; fileRef = 15234BCC119995CC00721A5E /* ILRunLoop.cpp */; };
		15DCD89E119F4498002746F0 /* ILReleasePoolDelegate.cpp in Sources */ = {isa = PBXBuildFile; fileRef = 156A8C08118DBFE800C4D67E /* ILReleasePoolDelegate.cpp */; };
		15DCD89F119F4498002746F0 /* ILSet.cpp in Sources */ = {isa = PBXBuildFile; fileRef = 15234DCD119A966E00721A5E /* ILSet.cpp */; };
		15DCD8A0119F4498002746F0 /* ILString.cpp in Sources */ = {isa = PBXBuildFile; fileRef = 15BB4CA1119B2BCB00E8E19D /* ILString.cpp */; };
		15EA0178119168D100C4296E /* ILMessage.cpp in Sources */ = {isa = PBXBuildFile; fileRef = 15EA0177119168D100C4296E /* ILMessage.cpp */; };
		15EA0179119168D100C4296E /* ILMessage.h in Headers */ = {isa = PBXBuildFile; fileRef = 15EA0176119168D100C4296E /* ILMessage.h */; };
		15EA017A119168D100C4296E /* ILMessage.cpp in Sources */ = {isa = PBXBuildFile; fileRef = 15EA0177119168D100C4296E /* ILMessage.cpp */; };
/* End PBXBuildFile section */

/* Begin PBXContainerItemProxy section */
		15234CD31199E3F200721A5E /* PBXContainerItemProxy */ = {
			isa = PBXContainerItemProxy;
			containerPortal = 0867D690FE84028FC02AAC07 /* Project object */;
			proxyType = 1;
			remoteGlobalIDString = 154BD8CE118478A900A7FCA2;
			remoteInfo = "Argyle-Test";
		};
		154BD8D4118478B700A7FCA2 /* PBXContainerItemProxy */ = {
			isa = PBXContainerItemProxy;
			containerPortal = 0867D690FE84028FC02AAC07 /* Project object */;
			proxyType = 1;
			remoteGlobalIDString = 154BD8CE118478A900A7FCA2;
			remoteInfo = "Argyle-Test";
		};
/* End PBXContainerItemProxy section */

/* Begin PBXFileReference section */
		15015CA4118AE35400972828 /* ILLinkedList.h */ = {isa = PBXFileReference; fileEncoding = 4; lastKnownFileType = sourcecode.c.h; path = ILLinkedList.h; sourceTree = "<group>"; };
		15015CA5118AE35400972828 /* ILLinkedList.cpp */ = {isa = PBXFileReference; fileEncoding = 4; lastKnownFileType = sourcecode.cpp.cpp; path = ILLinkedList.cpp; sourceTree = "<group>"; };
		15015D6A118B301B00972828 /* ILLinkedListTest.h */ = {isa = PBXFileReference; fileEncoding = 4; lastKnownFileType = sourcecode.c.h; path = ILLinkedListTest.h; sourceTree = "<group>"; };
		15015D6B118B301B00972828 /* ILLinkedListTest.mm */ = {isa = PBXFileReference; fileEncoding = 4; lastKnownFileType = sourcecode.cpp.objcpp; path = ILLinkedListTest.mm; sourceTree = "<group>"; };
		15015E3B118B3ECD00972828 /* ILList.h */ = {isa = PBXFileReference; fileEncoding = 4; lastKnownFileType = sourcecode.c.h; path = ILList.h; sourceTree = "<group>"; };
		15015E3C118B3ECD00972828 /* ILList.cpp */ = {isa = PBXFileReference; fileEncoding = 4; lastKnownFileType = sourcecode.cpp.cpp; path = ILList.cpp; sourceTree = "<group>"; };
		15015E51118B41E200972828 /* ILListTest.h */ = {isa = PBXFileReference; fileEncoding = 4; lastKnownFileType = sourcecode.c.h; path = ILListTest.h; sourceTree = "<group>"; };
		15015E52118B41E200972828 /* ILListTest.mm */ = {isa = PBXFileReference; fileEncoding = 4; lastKnownFileType = sourcecode.cpp.objcpp; path = ILListTest.mm; sourceTree = "<group>"; };
		15234ABD11998A1300721A5E /* ILMessageHubTest.h */ = {isa = PBXFileReference; fileEncoding = 4; lastKnownFileType = sourcecode.c.h; path = ILMessageHubTest.h; sourceTree = "<group>"; };
		15234ABE11998A1300721A5E /* ILMessageHubTest.mm */ = {isa = PBXFileReference; fileEncoding = 4; lastKnownFileType = sourcecode.cpp.objcpp; path = ILMessageHubTest.mm; sourceTree = "<group>"; };
		15234BC0119993E300721A5E /* ILThreadTarget.h */ = {isa = PBXFileReference; fileEncoding = 4; lastKnownFileType = sourcecode.c.h; path = ILThreadTarget.h; sourceTree = "<group>"; };
		15234BC1119993E300721A5E /* ILThreadTarget.cpp */ = {isa = PBXFileReference; fileEncoding = 4; lastKnownFileType = sourcecode.cpp.cpp; path = ILThreadTarget.cpp; sourceTree = "<group>"; };
		15234BCB119995CC00721A5E /* ILRunLoop.h */ = {isa = PBXFileReference; fileEncoding = 4; lastKnownFileType = sourcecode.c.h; path = ILRunLoop.h; sourceTree = "<group>"; };
		15234BCC119995CC00721A5E /* ILRunLoop.cpp */ = {isa = PBXFileReference; fileEncoding = 4; lastKnownFileType = sourcecode.cpp.cpp; path = ILRunLoop.cpp; sourceTree = "<group>"; };
		15234BD1119996D100721A5E /* ILSource.h */ = {isa = PBXFileReference; fileEncoding = 4; lastKnownFileType = sourcecode.c.h; path = ILSource.h; sourceTree = "<group>"; };
		15234CB91199E3C000721A5E /* Argyle-Playground */ = {isa = PBXFileReference; explicitFileType = "compiled.mach-o.executable"; includeInIndex = 0; path = "Argyle-Playground"; sourceTree = BUILT_PRODUCTS_DIR; };
		15234CF01199E45A00721A5E /* main-Playground.cpp */ = {isa = PBXFileReference; fileEncoding = 4; lastKnownFileType = sourcecode.cpp.cpp; path = "main-Playground.cpp"; sourceTree = "<group>"; };
		15234DCC119A966E00721A5E /* ILSet.h */ = {isa = PBXFileReference; fileEncoding = 4; lastKnownFileType = sourcecode.c.h; path = ILSet.h; sourceTree = "<group>"; };
		15234DCD119A966E00721A5E /* ILSet.cpp */ = {isa = PBXFileReference; fileEncoding = 4; lastKnownFileType = sourcecode.cpp.cpp; path = ILSet.cpp; sourceTree = "<group>"; };
		15234DF1119A9B5D00721A5E /* ILSetTest.h */ = {isa = PBXFileReference; fileEncoding = 4; lastKnownFileType = sourcecode.c.h; path = ILSetTest.h; sourceTree = "<group>"; };
		15234DF2119A9B5D00721A5E /* ILSetTest.mm */ = {isa = PBXFileReference; fileEncoding = 4; lastKnownFileType = sourcecode.cpp.objcpp; path = ILSetTest.mm; sourceTree = "<group>"; };
		154AD0A211921F0300950C9D /* ILMessageHub.h */ = {isa = PBXFileReference; fileEncoding = 4; lastKnownFileType = sourcecode.c.h; path = ILMessageHub.h; sourceTree = "<group>"; };
		154AD0A311921F0300950C9D /* ILMessageHub.cpp */ = {isa = PBXFileReference; fileEncoding = 4; lastKnownFileType = sourcecode.cpp.cpp; path = ILMessageHub.cpp; sourceTree = "<group>"; };
		154BD8AC1184773500A7FCA2 /* ILObject.h */ = {isa = PBXFileReference; fileEncoding = 4; lastKnownFileType = sourcecode.c.h; path = ILObject.h; sourceTree = "<group>"; };
		154BD8AD1184773500A7FCA2 /* ILObject.cpp */ = {isa = PBXFileReference; fileEncoding = 4; lastKnownFileType = sourcecode.cpp.cpp; path = ILObject.cpp; sourceTree = "<group>"; };
		154BD8CF118478A900A7FCA2 /* Argyle-Test.octest */ = {isa = PBXFileReference; explicitFileType = wrapper.cfbundle; includeInIndex = 0; path = "Argyle-Test.octest"; sourceTree = BUILT_PRODUCTS_DIR; };
		154BD8D0118478AA00A7FCA2 /* Argyle-Test-Info.plist */ = {isa = PBXFileReference; lastKnownFileType = text.plist.xml; path = "Argyle-Test-Info.plist"; sourceTree = "<group>"; };
		154BD8D9118478E800A7FCA2 /* ILObjectTest.h */ = {isa = PBXFileReference; fileEncoding = 4; lastKnownFileType = sourcecode.c.h; path = ILObjectTest.h; sourceTree = "<group>"; };
		154BD8DA118478E800A7FCA2 /* ILObjectTest.mm */ = {isa = PBXFileReference; fileEncoding = 4; lastKnownFileType = sourcecode.cpp.objcpp; path = ILObjectTest.mm; sourceTree = "<group>"; };
		154BD8FE11847AEB00A7FCA2 /* ILReleasePool.h */ = {isa = PBXFileReference; fileEncoding = 4; lastKnownFileType = sourcecode.c.h; path = ILReleasePool.h; sourceTree = "<group>"; };
		154BD8FF11847AEB00A7FCA2 /* ILReleasePool.cpp */ = {isa = PBXFileReference; fileEncoding = 4; lastKnownFileType = sourcecode.cpp.cpp; path = ILReleasePool.cpp; sourceTree = "<group>"; };
		154BDA4A1184875000A7FCA2 /* ILData.h */ = {isa = PBXFileReference; fileEncoding = 4; lastKnownFileType = sourcecode.c.h; path = ILData.h; sourceTree = "<group>"; };
		154BDA4B1184875000A7FCA2 /* ILData.cpp */ = {isa = PBXFileReference; fileEncoding = 4; lastKnownFileType = sourcecode.cpp.cpp; path = ILData.cpp; sourceTree = "<group>"; };
		154BDA501184877E00A7FCA2 /* Argyle.h */ = {isa = PBXFileReference; fileEncoding = 4; lastKnownFileType = sourcecode.c.h; path = Argyle.h; sourceTree = "<group>"; };
		154BDA8B11848CF200A7FCA2 /* ILDataTest.h */ = {isa = PBXFileReference; fileEncoding = 4; lastKnownFileType = sourcecode.c.h; path = ILDataTest.h; sourceTree = "<group>"; };
		154BDA8C11848CF200A7FCA2 /* ILDataTest.mm */ = {isa = PBXFileReference; fileEncoding = 4; lastKnownFileType = sourcecode.cpp.objcpp; path = ILDataTest.mm; sourceTree = "<group>"; };
		154BDAD41184914900A7FCA2 /* ILNumber.h */ = {isa = PBXFileReference; fileEncoding = 4; lastKnownFileType = sourcecode.c.h; path = ILNumber.h; sourceTree = "<group>"; };
		154BDAD51184914900A7FCA2 /* ILNumber.cpp */ = {isa = PBXFileReference; fileEncoding = 4; lastKnownFileType = sourcecode.cpp.cpp; path = ILNumber.cpp; sourceTree = "<group>"; };
		154BDAEC1184945A00A7FCA2 /* ILNumberTest.h */ = {isa = PBXFileReference; fileEncoding = 4; lastKnownFileType = sourcecode.c.h; path = ILNumberTest.h; sourceTree = "<group>"; };
		154BDAED1184945A00A7FCA2 /* ILNumberTest.mm */ = {isa = PBXFileReference; fileEncoding = 4; lastKnownFileType = sourcecode.cpp.objcpp; path = ILNumberTest.mm; sourceTree = "<group>"; };
		155E5054118B8B940036F741 /* ILHash.h */ = {isa = PBXFileReference; fileEncoding = 4; lastKnownFileType = sourcecode.c.h; path = ILHash.h; sourceTree = "<group>"; };
		155E5055118B8B940036F741 /* ILHash.cpp */ = {isa = PBXFileReference; fileEncoding = 4; lastKnownFileType = sourcecode.cpp.cpp; path = ILHash.cpp; sourceTree = "<group>"; };
		156A8C07118DBFE800C4D67E /* ILReleasePoolDelegate.h */ = {isa = PBXFileReference; fileEncoding = 4; lastKnownFileType = sourcecode.c.h; path = ILReleasePoolDelegate.h; sourceTree = "<group>"; };
		156A8C08118DBFE800C4D67E /* ILReleasePoolDelegate.cpp */ = {isa = PBXFileReference; fileEncoding = 4; lastKnownFileType = sourcecode.cpp.cpp; path = ILReleasePoolDelegate.cpp; sourceTree = "<group>"; };
		156A8CCA118E059500C4D67E /* ILMap.h */ = {isa = PBXFileReference; fileEncoding = 4; lastKnownFileType = sourcecode.c.h; path = ILMap.h; sourceTree = "<group>"; };
		156A8CCB118E059500C4D67E /* ILMap.cpp */ = {isa = PBXFileReference; fileEncoding = 4; lastKnownFileType = sourcecode.cpp.cpp; path = ILMap.cpp; sourceTree = "<group>"; };
		156A8D2D118E0D4800C4D67E /* ILMapTest.h */ = {isa = PBXFileReference; fileEncoding = 4; lastKnownFileType = sourcecode.c.h; path = ILMapTest.h; sourceTree = "<group>"; };
		156A8D2E118E0D4800C4D67E /* ILMapTest.mm */ = {isa = PBXFileReference; fileEncoding = 4; lastKnownFileType = sourcecode.cpp.objcpp; path = ILMapTest.mm; sourceTree = "<group>"; };
		157282FC118CBA0400588AF1 /* ILHashTest.h */ = {isa = PBXFileReference; fileEncoding = 4; lastKnownFileType = sourcecode.c.h; path = ILHashTest.h; sourceTree = "<group>"; };
		157282FD118CBA0400588AF1 /* ILHashTest.mm */ = {isa = PBXFileReference; fileEncoding = 4; lastKnownFileType = sourcecode.cpp.objcpp; path = ILHashTest.mm; sourceTree = "<group>"; };
		1594473811A0A89B00550EDA /* ILSource.cpp */ = {isa = PBXFileReference; fileEncoding = 4; lastKnownFileType = sourcecode.cpp.cpp; path = ILSource.cpp; sourceTree = "<group>"; };
		15BB4CA0119B2BCB00E8E19D /* ILString.h */ = {isa = PBXFileReference; fileEncoding = 4; lastKnownFileType = sourcecode.c.h; path = ILString.h; sourceTree = "<group>"; };
		15BB4CA1119B2BCB00E8E19D /* ILString.cpp */ = {isa = PBXFileReference; fileEncoding = 4; lastKnownFileType = sourcecode.cpp.cpp; path = ILString.cpp; sourceTree = "<group>"; };
		15DCD87A119F447F002746F0 /* libArgyle-iPhone.a */ = {isa = PBXFileReference; explicitFileType = archive.ar; includeInIndex = 0; path = "libArgyle-iPhone.a"; sourceTree = BUILT_PRODUCTS_DIR; };
		15EA0176119168D100C4296E /* ILMessage.h */ = {isa = PBXFileReference; fileEncoding = 4; lastKnownFileType = sourcecode.c.h; path = ILMessage.h; sourceTree = "<group>"; };
		15EA0177119168D100C4296E /* ILMessage.cpp */ = {isa = PBXFileReference; fileEncoding = 4; lastKnownFileType = sourcecode.cpp.cpp; path = ILMessage.cpp; sourceTree = "<group>"; };
		32BAE0B70371A74B00C91783 /* Argyle_Prefix.pch */ = {isa = PBXFileReference; fileEncoding = 4; lastKnownFileType = sourcecode.c.h; path = Argyle_Prefix.pch; sourceTree = "<group>"; };
		5073E0C609E734A800EC74B6 /* ArgyleProj.xcconfig */ = {isa = PBXFileReference; fileEncoding = 30; lastKnownFileType = text.xcconfig; path = ArgyleProj.xcconfig; sourceTree = "<group>"; };
		5073E0C709E734A800EC74B6 /* ArgyleTarget.xcconfig */ = {isa = PBXFileReference; fileEncoding = 30; lastKnownFileType = text.xcconfig; path = ArgyleTarget.xcconfig; sourceTree = "<group>"; };
		D2AAC09D05546B4700DB518D /* libArgyle.dylib */ = {isa = PBXFileReference; explicitFileType = "compiled.mach-o.dylib"; includeInIndex = 0; path = libArgyle.dylib; sourceTree = BUILT_PRODUCTS_DIR; };
/* End PBXFileReference section */

/* Begin PBXFrameworksBuildPhase section */
		15234CB71199E3C000721A5E /* Frameworks */ = {
			isa = PBXFrameworksBuildPhase;
			buildActionMask = 2147483647;
			files = (
			);
			runOnlyForDeploymentPostprocessing = 0;
		};
		154BD8CC118478A900A7FCA2 /* Frameworks */ = {
			isa = PBXFrameworksBuildPhase;
			buildActionMask = 2147483647;
			files = (
			);
			runOnlyForDeploymentPostprocessing = 0;
		};
		15DCD878119F447F002746F0 /* Frameworks */ = {
			isa = PBXFrameworksBuildPhase;
			buildActionMask = 2147483647;
			files = (
			);
			runOnlyForDeploymentPostprocessing = 0;
		};
		D2AAC09B05546B4700DB518D /* Frameworks */ = {
			isa = PBXFrameworksBuildPhase;
			buildActionMask = 2147483647;
			files = (
			);
			runOnlyForDeploymentPostprocessing = 0;
		};
/* End PBXFrameworksBuildPhase section */

/* Begin PBXGroup section */
		034768DDFF38A45A11DB9C8B /* Products */ = {
			isa = PBXGroup;
			children = (
				D2AAC09D05546B4700DB518D /* libArgyle.dylib */,
				154BD8CF118478A900A7FCA2 /* Argyle-Test.octest */,
				15234CB91199E3C000721A5E /* Argyle-Playground */,
				15DCD87A119F447F002746F0 /* libArgyle-iPhone.a */,
			);
			name = Products;
			sourceTree = "<group>";
		};
		0867D691FE84028FC02AAC07 /* Argyle */ = {
			isa = PBXGroup;
			children = (
				5073E0CA09E734BC00EC74B6 /* Configuration Files */,
				08FB77ACFE841707C02AAC07 /* Source */,
				0867D69AFE84028FC02AAC07 /* External Frameworks and Libraries */,
				034768DDFF38A45A11DB9C8B /* Products */,
				154BD8D0118478AA00A7FCA2 /* Argyle-Test-Info.plist */,
			);
			name = Argyle;
			sourceTree = "<group>";
		};
		0867D69AFE84028FC02AAC07 /* External Frameworks and Libraries */ = {
			isa = PBXGroup;
			children = (
			);
			name = "External Frameworks and Libraries";
			sourceTree = "<group>";
		};
		08FB77ACFE841707C02AAC07 /* Source */ = {
			isa = PBXGroup;
			children = (
				32BAE0B70371A74B00C91783 /* Argyle_Prefix.pch */,
				15BB4C99119B2BB400E8E19D /* String */,
				15234DCB119A965C00721A5E /* Set */,
				15234CEF1199E44900721A5E /* Playground */,
				15234BCA119995C200721A5E /* Run Loops */,
				15EA0175119168C500C4296E /* Messages and Targets */,
				156A8C57118E011100C4D67E /* Map */,
				15015E3A118B3EBB00972828 /* List */,
				15015CA3118AE34900972828 /* Basics */,
				154BDAD31184912D00A7FCA2 /* Number */,
				154BDA491184874600A7FCA2 /* Data */,
				154BD8D8118478DA00A7FCA2 /* ILObject */,
				154BDA501184877E00A7FCA2 /* Argyle.h */,
			);
			name = Source;
			sourceTree = "<group>";
		};
		15015CA3118AE34900972828 /* Basics */ = {
			isa = PBXGroup;
			children = (
				155E5053118B8B860036F741 /* Hash */,
				15234DCA119A964A00721A5E /* Linked List */,
			);
			name = Basics;
			sourceTree = "<group>";
		};
		15015E3A118B3EBB00972828 /* List */ = {
			isa = PBXGroup;
			children = (
				15015E3B118B3ECD00972828 /* ILList.h */,
				15015E3C118B3ECD00972828 /* ILList.cpp */,
				15015E51118B41E200972828 /* ILListTest.h */,
				15015E52118B41E200972828 /* ILListTest.mm */,
			);
			name = List;
			sourceTree = "<group>";
		};
		15234BCA119995C200721A5E /* Run Loops */ = {
			isa = PBXGroup;
			children = (
				15234BCB119995CC00721A5E /* ILRunLoop.h */,
				15234BCC119995CC00721A5E /* ILRunLoop.cpp */,
				15234BD1119996D100721A5E /* ILSource.h */,
				1594473811A0A89B00550EDA /* ILSource.cpp */,
			);
			name = "Run Loops";
			sourceTree = "<group>";
		};
		15234CEF1199E44900721A5E /* Playground */ = {
			isa = PBXGroup;
			children = (
				15234CF01199E45A00721A5E /* main-Playground.cpp */,
			);
			name = Playground;
			sourceTree = "<group>";
		};
		15234DCA119A964A00721A5E /* Linked List */ = {
			isa = PBXGroup;
			children = (
				15015CA4118AE35400972828 /* ILLinkedList.h */,
				15015CA5118AE35400972828 /* ILLinkedList.cpp */,
				15015D6A118B301B00972828 /* ILLinkedListTest.h */,
				15015D6B118B301B00972828 /* ILLinkedListTest.mm */,
			);
			name = "Linked List";
			sourceTree = "<group>";
		};
		15234DCB119A965C00721A5E /* Set */ = {
			isa = PBXGroup;
			children = (
				15234DCC119A966E00721A5E /* ILSet.h */,
				15234DCD119A966E00721A5E /* ILSet.cpp */,
				15234DF1119A9B5D00721A5E /* ILSetTest.h */,
				15234DF2119A9B5D00721A5E /* ILSetTest.mm */,
			);
			name = Set;
			sourceTree = "<group>";
		};
		154BD8D8118478DA00A7FCA2 /* ILObject */ = {
			isa = PBXGroup;
			children = (
				156A8C07118DBFE800C4D67E /* ILReleasePoolDelegate.h */,
				156A8C08118DBFE800C4D67E /* ILReleasePoolDelegate.cpp */,
				154BD8AC1184773500A7FCA2 /* ILObject.h */,
				154BD8AD1184773500A7FCA2 /* ILObject.cpp */,
				154BD8D9118478E800A7FCA2 /* ILObjectTest.h */,
				154BD8DA118478E800A7FCA2 /* ILObjectTest.mm */,
				154BD8FE11847AEB00A7FCA2 /* ILReleasePool.h */,
				154BD8FF11847AEB00A7FCA2 /* ILReleasePool.cpp */,
			);
			name = ILObject;
			sourceTree = "<group>";
		};
		154BDA491184874600A7FCA2 /* Data */ = {
			isa = PBXGroup;
			children = (
				154BDA4A1184875000A7FCA2 /* ILData.h */,
				154BDA4B1184875000A7FCA2 /* ILData.cpp */,
				154BDA8B11848CF200A7FCA2 /* ILDataTest.h */,
				154BDA8C11848CF200A7FCA2 /* ILDataTest.mm */,
			);
			name = Data;
			sourceTree = "<group>";
		};
		154BDAD31184912D00A7FCA2 /* Number */ = {
			isa = PBXGroup;
			children = (
				154BDAD41184914900A7FCA2 /* ILNumber.h */,
				154BDAD51184914900A7FCA2 /* ILNumber.cpp */,
				154BDAEC1184945A00A7FCA2 /* ILNumberTest.h */,
				154BDAED1184945A00A7FCA2 /* ILNumberTest.mm */,
			);
			name = Number;
			sourceTree = "<group>";
		};
		155E5053118B8B860036F741 /* Hash */ = {
			isa = PBXGroup;
			children = (
				155E5054118B8B940036F741 /* ILHash.h */,
				155E5055118B8B940036F741 /* ILHash.cpp */,
				157282FC118CBA0400588AF1 /* ILHashTest.h */,
				157282FD118CBA0400588AF1 /* ILHashTest.mm */,
			);
			name = Hash;
			sourceTree = "<group>";
		};
		156A8C57118E011100C4D67E /* Map */ = {
			isa = PBXGroup;
			children = (
				156A8CCA118E059500C4D67E /* ILMap.h */,
				156A8CCB118E059500C4D67E /* ILMap.cpp */,
				156A8D2D118E0D4800C4D67E /* ILMapTest.h */,
				156A8D2E118E0D4800C4D67E /* ILMapTest.mm */,
			);
			name = Map;
			sourceTree = "<group>";
		};
		15BB4C99119B2BB400E8E19D /* String */ = {
			isa = PBXGroup;
			children = (
				15BB4CA0119B2BCB00E8E19D /* ILString.h */,
				15BB4CA1119B2BCB00E8E19D /* ILString.cpp */,
			);
			name = String;
			sourceTree = "<group>";
		};
		15EA0175119168C500C4296E /* Messages and Targets */ = {
			isa = PBXGroup;
			children = (
				15EA0176119168D100C4296E /* ILMessage.h */,
				15EA0177119168D100C4296E /* ILMessage.cpp */,
				154AD0A211921F0300950C9D /* ILMessageHub.h */,
				154AD0A311921F0300950C9D /* ILMessageHub.cpp */,
				15234ABD11998A1300721A5E /* ILMessageHubTest.h */,
				15234ABE11998A1300721A5E /* ILMessageHubTest.mm */,
				15234BC0119993E300721A5E /* ILThreadTarget.h */,
				15234BC1119993E300721A5E /* ILThreadTarget.cpp */,
			);
			name = "Messages and Targets";
			sourceTree = "<group>";
		};
		5073E0CA09E734BC00EC74B6 /* Configuration Files */ = {
			isa = PBXGroup;
			children = (
				5073E0C609E734A800EC74B6 /* ArgyleProj.xcconfig */,
				5073E0C709E734A800EC74B6 /* ArgyleTarget.xcconfig */,
			);
			name = "Configuration Files";
			sourceTree = "<group>";
		};
/* End PBXGroup section */

/* Begin PBXHeadersBuildPhase section */
		15DCD876119F447F002746F0 /* Headers */ = {
			isa = PBXHeadersBuildPhase;
			buildActionMask = 2147483647;
			files = (
				15DCD881119F4491002746F0 /* ILObject.h in Headers */,
				15DCD882119F4491002746F0 /* ILObjectTest.h in Headers */,
				15DCD883119F4491002746F0 /* ILReleasePool.h in Headers */,
				15DCD884119F4491002746F0 /* ILData.h in Headers */,
				15DCD885119F4491002746F0 /* Argyle.h in Headers */,
				15DCD886119F4491002746F0 /* ILDataTest.h in Headers */,
				15DCD887119F4491002746F0 /* ILNumber.h in Headers */,
				15DCD888119F4491002746F0 /* ILList.h in Headers */,
				15DCD889119F4491002746F0 /* ILListTest.h in Headers */,
				15DCD88A119F4491002746F0 /* ILHash.h in Headers */,
				15DCD88B119F4491002746F0 /* ILMessage.h in Headers */,
				15DCD88C119F4491002746F0 /* ILMessageHub.h in Headers */,
				15DCD88D119F4491002746F0 /* ILThreadTarget.h in Headers */,
				15DCD88E119F4491002746F0 /* ILRunLoop.h in Headers */,
				15DCD88F119F4491002746F0 /* ILSource.h in Headers */,
				15DCD890119F4491002746F0 /* ILSet.h in Headers */,
				15DCD891119F4491002746F0 /* ILString.h in Headers */,
			);
			runOnlyForDeploymentPostprocessing = 0;
		};
		D2AAC09905546B4700DB518D /* Headers */ = {
			isa = PBXHeadersBuildPhase;
			buildActionMask = 2147483647;
			files = (
				154BD8AE1184773500A7FCA2 /* ILObject.h in Headers */,
				154BD8DB118478E800A7FCA2 /* ILObjectTest.h in Headers */,
				154BD90011847AEB00A7FCA2 /* ILReleasePool.h in Headers */,
				154BDA4C1184875000A7FCA2 /* ILData.h in Headers */,
				154BDA511184877E00A7FCA2 /* Argyle.h in Headers */,
				154BDA8D11848CF200A7FCA2 /* ILDataTest.h in Headers */,
				154BDAD61184914900A7FCA2 /* ILNumber.h in Headers */,
				15015E3E118B3ECD00972828 /* ILList.h in Headers */,
				15015E54118B41E200972828 /* ILListTest.h in Headers */,
				155E5057118B8B940036F741 /* ILHash.h in Headers */,
				15EA0179119168D100C4296E /* ILMessage.h in Headers */,
				154AD0A511921F0300950C9D /* ILMessageHub.h in Headers */,
				15234BC3119993E300721A5E /* ILThreadTarget.h in Headers */,
				15234BCE119995CC00721A5E /* ILRunLoop.h in Headers */,
				15234BD2119996D100721A5E /* ILSource.h in Headers */,
				15234DD0119A966E00721A5E /* ILSet.h in Headers */,
				15BB4CA4119B2BCB00E8E19D /* ILString.h in Headers */,
			);
			runOnlyForDeploymentPostprocessing = 0;
		};
/* End PBXHeadersBuildPhase section */

/* Begin PBXNativeTarget section */
		15234CB81199E3C000721A5E /* Argyle-Playground */ = {
			isa = PBXNativeTarget;
			buildConfigurationList = 15234CE21199E3FB00721A5E /* Build configuration list for PBXNativeTarget "Argyle-Playground" */;
			buildPhases = (
				15234CB61199E3C000721A5E /* Sources */,
				15234CB71199E3C000721A5E /* Frameworks */,
			);
			buildRules = (
			);
			dependencies = (
				15234CD41199E3F200721A5E /* PBXTargetDependency */,
			);
			name = "Argyle-Playground";
			productName = "Argyle-Playground";
			productReference = 15234CB91199E3C000721A5E /* Argyle-Playground */;
			productType = "com.apple.product-type.tool";
		};
		154BD8CE118478A900A7FCA2 /* Argyle-Test */ = {
			isa = PBXNativeTarget;
			buildConfigurationList = 154BD8D3118478AA00A7FCA2 /* Build configuration list for PBXNativeTarget "Argyle-Test" */;
			buildPhases = (
				154BD8CA118478A900A7FCA2 /* Resources */,
				154BD8CB118478A900A7FCA2 /* Sources */,
				154BD8CC118478A900A7FCA2 /* Frameworks */,
				154BD8CD118478A900A7FCA2 /* ShellScript */,
			);
			buildRules = (
			);
			dependencies = (
			);
			name = "Argyle-Test";
			productName = "Argyle-Test";
			productReference = 154BD8CF118478A900A7FCA2 /* Argyle-Test.octest */;
			productType = "com.apple.product-type.bundle";
		};
		15DCD879119F447F002746F0 /* Argyle-iPhone */ = {
			isa = PBXNativeTarget;
			buildConfigurationList = 15DCD880119F4483002746F0 /* Build configuration list for PBXNativeTarget "Argyle-iPhone" */;
			buildPhases = (
				15DCD876119F447F002746F0 /* Headers */,
				15DCD877119F447F002746F0 /* Sources */,
				15DCD878119F447F002746F0 /* Frameworks */,
			);
			buildRules = (
			);
			dependencies = (
			);
			name = "Argyle-iPhone";
			productName = "Argyle-iPhone";
			productReference = 15DCD87A119F447F002746F0 /* libArgyle-iPhone.a */;
			productType = "com.apple.product-type.library.static";
		};
		D2AAC09C05546B4700DB518D /* Argyle */ = {
			isa = PBXNativeTarget;
			buildConfigurationList = 1DEB916008733D950010E9CD /* Build configuration list for PBXNativeTarget "Argyle" */;
			buildPhases = (
				D2AAC09905546B4700DB518D /* Headers */,
				D2AAC09B05546B4700DB518D /* Frameworks */,
				D2AAC09A05546B4700DB518D /* Sources */,
			);
			buildRules = (
			);
			dependencies = (
				154BD8D5118478B700A7FCA2 /* PBXTargetDependency */,
			);
			name = Argyle;
			productName = libArgyle;
			productReference = D2AAC09D05546B4700DB518D /* libArgyle.dylib */;
			productType = "com.apple.product-type.library.dynamic";
		};
/* End PBXNativeTarget section */

/* Begin PBXProject section */
		0867D690FE84028FC02AAC07 /* Project object */ = {
			isa = PBXProject;
			buildConfigurationList = 1DEB916408733D950010E9CD /* Build configuration list for PBXProject "Argyle" */;
			compatibilityVersion = "Xcode 3.1";
			hasScannedForEncodings = 1;
			mainGroup = 0867D691FE84028FC02AAC07 /* Argyle */;
			productRefGroup = 034768DDFF38A45A11DB9C8B /* Products */;
			projectDirPath = "";
			projectRoot = "";
			targets = (
				D2AAC09C05546B4700DB518D /* Argyle */,
				154BD8CE118478A900A7FCA2 /* Argyle-Test */,
				15234CB81199E3C000721A5E /* Argyle-Playground */,
				15DCD879119F447F002746F0 /* Argyle-iPhone */,
			);
		};
/* End PBXProject section */

/* Begin PBXResourcesBuildPhase section */
		154BD8CA118478A900A7FCA2 /* Resources */ = {
			isa = PBXResourcesBuildPhase;
			buildActionMask = 2147483647;
			files = (
			);
			runOnlyForDeploymentPostprocessing = 0;
		};
/* End PBXResourcesBuildPhase section */

/* Begin PBXShellScriptBuildPhase section */
		154BD8CD118478A900A7FCA2 /* ShellScript */ = {
			isa = PBXShellScriptBuildPhase;
			buildActionMask = 2147483647;
			files = (
			);
			inputPaths = (
			);
			outputPaths = (
			);
			runOnlyForDeploymentPostprocessing = 0;
			shellPath = /bin/sh;
			shellScript = "if [ \"$ILABS_RUN_UNIT_TESTS_VIA_XCODE_EXECUTION\" == \"YES\" ]; then\n\texit 0\nfi\n\n# Run the unit tests in this test bundle.\n\"${SYSTEM_DEVELOPER_DIR}/Tools/RunUnitTests\"\n";
		};
/* End PBXShellScriptBuildPhase section */

/* Begin PBXSourcesBuildPhase section */
		15234CB61199E3C000721A5E /* Sources */ = {
			isa = PBXSourcesBuildPhase;
			buildActionMask = 2147483647;
			files = (
				15234CC11199E3CF00721A5E /* ILData.cpp in Sources */,
				15234CC21199E3CF00721A5E /* ILHash.cpp in Sources */,
				15234CC31199E3CF00721A5E /* ILLinkedList.cpp in Sources */,
				15234CC41199E3CF00721A5E /* ILList.cpp in Sources */,
				15234CC51199E3CF00721A5E /* ILMap.cpp in Sources */,
				15234CC61199E3CF00721A5E /* ILMessage.cpp in Sources */,
				15234CC71199E3CF00721A5E /* ILMessageHub.cpp in Sources */,
				15234CC81199E3CF00721A5E /* ILNumber.cpp in Sources */,
				15234CC91199E3CF00721A5E /* ILObject.cpp in Sources */,
				15234CCA1199E3CF00721A5E /* ILReleasePool.cpp in Sources */,
				15234CCB1199E3CF00721A5E /* ILReleasePoolDelegate.cpp in Sources */,
				15234CCC1199E3CF00721A5E /* ILRunLoop.cpp in Sources */,
				15234CCD1199E3CF00721A5E /* ILThreadTarget.cpp in Sources */,
				15234CF11199E45A00721A5E /* main-Playground.cpp in Sources */,
				15234DCE119A966E00721A5E /* ILSet.cpp in Sources */,
				15BB4CA2119B2BCB00E8E19D /* ILString.cpp in Sources */,
				1594473911A0A89B00550EDA /* ILSource.cpp in Sources */,
			);
			runOnlyForDeploymentPostprocessing = 0;
		};
		154BD8CB118478A900A7FCA2 /* Sources */ = {
			isa = PBXSourcesBuildPhase;
			buildActionMask = 2147483647;
			files = (
				154BD8E81184798300A7FCA2 /* ILObjectTest.mm in Sources */,
				154BD8F411847A4C00A7FCA2 /* ILObject.cpp in Sources */,
				154BD90711847CEB00A7FCA2 /* ILReleasePool.cpp in Sources */,
				154BDA4E1184875000A7FCA2 /* ILData.cpp in Sources */,
				154BDA8F11848CF200A7FCA2 /* ILDataTest.mm in Sources */,
				154BDAD81184914900A7FCA2 /* ILNumber.cpp in Sources */,
				154BDAEE1184945A00A7FCA2 /* ILNumberTest.mm in Sources */,
				15015CA6118AE35400972828 /* ILLinkedList.cpp in Sources */,
				15015D6C118B301B00972828 /* ILLinkedListTest.mm in Sources */,
				15015E3D118B3ECD00972828 /* ILList.cpp in Sources */,
				15015E53118B41E200972828 /* ILListTest.mm in Sources */,
				155E5056118B8B940036F741 /* ILHash.cpp in Sources */,
				157282FE118CBA0400588AF1 /* ILHashTest.mm in Sources */,
				156A8C09118DBFE800C4D67E /* ILReleasePoolDelegate.cpp in Sources */,
				156A8CCC118E059500C4D67E /* ILMap.cpp in Sources */,
				156A8D2F118E0D4800C4D67E /* ILMapTest.mm in Sources */,
				15EA0178119168D100C4296E /* ILMessage.cpp in Sources */,
				154AD0A411921F0300950C9D /* ILMessageHub.cpp in Sources */,
				15234ABF11998A1300721A5E /* ILMessageHubTest.mm in Sources */,
				15234BC2119993E300721A5E /* ILThreadTarget.cpp in Sources */,
				15234BCD119995CC00721A5E /* ILRunLoop.cpp in Sources */,
				15234DCF119A966E00721A5E /* ILSet.cpp in Sources */,
				15234DF3119A9B5D00721A5E /* ILSetTest.mm in Sources */,
				15BB4CA3119B2BCB00E8E19D /* ILString.cpp in Sources */,
				1594473A11A0A89B00550EDA /* ILSource.cpp in Sources */,
			);
			runOnlyForDeploymentPostprocessing = 0;
		};
		15DCD877119F447F002746F0 /* Sources */ = {
			isa = PBXSourcesBuildPhase;
			buildActionMask = 2147483647;
			files = (
				15DCD892119F4498002746F0 /* ILObject.cpp in Sources */,
				15DCD893119F4498002746F0 /* ILReleasePool.cpp in Sources */,
				15DCD894119F4498002746F0 /* ILData.cpp in Sources */,
				15DCD895119F4498002746F0 /* ILNumber.cpp in Sources */,
				15DCD896119F4498002746F0 /* ILLinkedList.cpp in Sources */,
				15DCD897119F4498002746F0 /* ILList.cpp in Sources */,
				15DCD898119F4498002746F0 /* ILHash.cpp in Sources */,
				15DCD899119F4498002746F0 /* ILMap.cpp in Sources */,
				15DCD89A119F4498002746F0 /* ILMessage.cpp in Sources */,
				15DCD89B119F4498002746F0 /* ILMessageHub.cpp in Sources */,
				15DCD89C119F4498002746F0 /* ILThreadTarget.cpp in Sources */,
				15DCD89D119F4498002746F0 /* ILRunLoop.cpp in Sources */,
				15DCD89E119F4498002746F0 /* ILReleasePoolDelegate.cpp in Sources */,
				15DCD89F119F4498002746F0 /* ILSet.cpp in Sources */,
				15DCD8A0119F4498002746F0 /* ILString.cpp in Sources */,
				1594473C11A0A89B00550EDA /* ILSource.cpp in Sources */,
			);
			runOnlyForDeploymentPostprocessing = 0;
		};
		D2AAC09A05546B4700DB518D /* Sources */ = {
			isa = PBXSourcesBuildPhase;
			buildActionMask = 2147483647;
			files = (
				154BD8AF1184773500A7FCA2 /* ILObject.cpp in Sources */,
				154BD90111847AEB00A7FCA2 /* ILReleasePool.cpp in Sources */,
				154BDA4D1184875000A7FCA2 /* ILData.cpp in Sources */,
				154BDAD71184914900A7FCA2 /* ILNumber.cpp in Sources */,
				15015D5F118B2FFD00972828 /* ILLinkedList.cpp in Sources */,
				15015E3F118B3ECD00972828 /* ILList.cpp in Sources */,
				155E5058118B8B940036F741 /* ILHash.cpp in Sources */,
				156A8D30118E0D4C00C4D67E /* ILMap.cpp in Sources */,
				15EA017A119168D100C4296E /* ILMessage.cpp in Sources */,
				154AD0A611921F0300950C9D /* ILMessageHub.cpp in Sources */,
				15234BC4119993E300721A5E /* ILThreadTarget.cpp in Sources */,
				15234BCF119995CC00721A5E /* ILRunLoop.cpp in Sources */,
				15234CCE1199E3D300721A5E /* ILReleasePoolDelegate.cpp in Sources */,
				15234DD1119A966E00721A5E /* ILSet.cpp in Sources */,
				15BB4CA5119B2BCB00E8E19D /* ILString.cpp in Sources */,
				1594473B11A0A89B00550EDA /* ILSource.cpp in Sources */,
			);
			runOnlyForDeploymentPostprocessing = 0;
		};
/* End PBXSourcesBuildPhase section */

/* Begin PBXTargetDependency section */
		15234CD41199E3F200721A5E /* PBXTargetDependency */ = {
			isa = PBXTargetDependency;
			target = 154BD8CE118478A900A7FCA2 /* Argyle-Test */;
			targetProxy = 15234CD31199E3F200721A5E /* PBXContainerItemProxy */;
		};
		154BD8D5118478B700A7FCA2 /* PBXTargetDependency */ = {
			isa = PBXTargetDependency;
			target = 154BD8CE118478A900A7FCA2 /* Argyle-Test */;
			targetProxy = 154BD8D4118478B700A7FCA2 /* PBXContainerItemProxy */;
		};
/* End PBXTargetDependency section */

/* Begin XCBuildConfiguration section */
		15234CBB1199E3C100721A5E /* Debug */ = {
			isa = XCBuildConfiguration;
			buildSettings = {
				ALWAYS_SEARCH_USER_PATHS = NO;
				COPY_PHASE_STRIP = NO;
				GCC_DYNAMIC_NO_PIC = NO;
				GCC_ENABLE_FIX_AND_CONTINUE = YES;
				GCC_MODEL_TUNING = G5;
				GCC_OPTIMIZATION_LEVEL = 0;
				GCC_PRECOMPILE_PREFIX_HEADER = YES;
				GCC_PREFIX_HEADER = Argyle.h;
				INSTALL_PATH = /usr/local/bin;
				OTHER_LDFLAGS = (
					"-framework",
					Foundation,
					"-framework",
					AppKit,
				);
				PREBINDING = NO;
				PRODUCT_NAME = "Argyle-Playground";
			};
			name = Debug;
		};
		15234CBC1199E3C100721A5E /* Release */ = {
			isa = XCBuildConfiguration;
			buildSettings = {
				ALWAYS_SEARCH_USER_PATHS = NO;
				COPY_PHASE_STRIP = YES;
				DEBUG_INFORMATION_FORMAT = "dwarf-with-dsym";
				GCC_ENABLE_FIX_AND_CONTINUE = NO;
				GCC_MODEL_TUNING = G5;
				GCC_PRECOMPILE_PREFIX_HEADER = YES;
				GCC_PREFIX_HEADER = Argyle.h;
				INSTALL_PATH = /usr/local/bin;
				OTHER_LDFLAGS = (
					"-framework",
					Foundation,
					"-framework",
					AppKit,
				);
				PREBINDING = NO;
				PRODUCT_NAME = "Argyle-Playground";
				ZERO_LINK = NO;
			};
			name = Release;
		};
		154BD8D1118478AA00A7FCA2 /* Debug */ = {
			isa = XCBuildConfiguration;
			buildSettings = {
				ALWAYS_SEARCH_USER_PATHS = NO;
				COPY_PHASE_STRIP = NO;
				FRAMEWORK_SEARCH_PATHS = "$(DEVELOPER_LIBRARY_DIR)/Frameworks";
				GCC_DYNAMIC_NO_PIC = NO;
				GCC_ENABLE_FIX_AND_CONTINUE = NO;
				GCC_ENABLE_OBJC_EXCEPTIONS = YES;
				GCC_MODEL_TUNING = G5;
				GCC_OPTIMIZATION_LEVEL = 0;
				GCC_PRECOMPILE_PREFIX_HEADER = YES;
				GCC_PREFIX_HEADER = Argyle_Prefix.pch;
				GCC_PREPROCESSOR_DEFINITIONS = "DEBUG=1";
				ILABS_RUN_UNIT_TESTS_VIA_XCODE_EXECUTION = NO;
				INFOPLIST_FILE = "Argyle-Test-Info.plist";
				INSTALL_PATH = "$(USER_LIBRARY_DIR)/Bundles";
				ONLY_ACTIVE_ARCH = NO;
				OTHER_LDFLAGS = (
					"-framework",
					Cocoa,
					"-framework",
					SenTestingKit,
				);
				PREBINDING = NO;
				PRODUCT_NAME = "Argyle-Test";
				WRAPPER_EXTENSION = octest;
			};
			name = Debug;
		};
		154BD8D2118478AA00A7FCA2 /* Release */ = {
			isa = XCBuildConfiguration;
			buildSettings = {
				ALWAYS_SEARCH_USER_PATHS = NO;
				COPY_PHASE_STRIP = YES;
				DEBUG_INFORMATION_FORMAT = "dwarf-with-dsym";
				FRAMEWORK_SEARCH_PATHS = "$(DEVELOPER_LIBRARY_DIR)/Frameworks";
				GCC_ENABLE_FIX_AND_CONTINUE = NO;
				GCC_ENABLE_OBJC_EXCEPTIONS = YES;
				GCC_MODEL_TUNING = G5;
				GCC_PRECOMPILE_PREFIX_HEADER = YES;
				GCC_PREFIX_HEADER = Argyle_Prefix.pch;
				ILABS_RUN_UNIT_TESTS_VIA_XCODE_EXECUTION = NO;
				INFOPLIST_FILE = "Argyle-Test-Info.plist";
				INSTALL_PATH = "$(USER_LIBRARY_DIR)/Bundles";
				OTHER_LDFLAGS = (
					"-framework",
					Cocoa,
					"-framework",
					SenTestingKit,
				);
				PREBINDING = NO;
				PRODUCT_NAME = "Argyle-Test";
				WRAPPER_EXTENSION = octest;
				ZERO_LINK = NO;
			};
			name = Release;
		};
		15DCD87B119F4480002746F0 /* Debug */ = {
			isa = XCBuildConfiguration;
			buildSettings = {
				ALWAYS_SEARCH_USER_PATHS = NO;
				ARCHS = "$(ARCHS_STANDARD_32_BIT)";
				COPY_PHASE_STRIP = NO;
				GCC_DYNAMIC_NO_PIC = NO;
				GCC_OPTIMIZATION_LEVEL = 0;
				ONLY_ACTIVE_ARCH = NO;
				PREBINDING = NO;
				PRODUCT_NAME = "Argyle-iPhone";
				SDKROOT = iphoneos3.2;
			};
			name = Debug;
		};
		15DCD87C119F4480002746F0 /* Release */ = {
			isa = XCBuildConfiguration;
			buildSettings = {
				ALWAYS_SEARCH_USER_PATHS = NO;
				ARCHS = "$(ARCHS_STANDARD_32_BIT)";
				COPY_PHASE_STRIP = YES;
				DEBUG_INFORMATION_FORMAT = "dwarf-with-dsym";
				GCC_ENABLE_FIX_AND_CONTINUE = NO;
				ONLY_ACTIVE_ARCH = NO;
				PREBINDING = NO;
				PRODUCT_NAME = "Argyle-iPhone";
				SDKROOT = iphoneos3.2;
				ZERO_LINK = NO;
			};
			name = Release;
		};
		1DEB916108733D950010E9CD /* Debug */ = {
			isa = XCBuildConfiguration;
			baseConfigurationReference = 5073E0C709E734A800EC74B6 /* ArgyleTarget.xcconfig */;
			buildSettings = {
				ALWAYS_SEARCH_USER_PATHS = NO;
				COPY_PHASE_STRIP = NO;
				GCC_DYNAMIC_NO_PIC = NO;
				GCC_ENABLE_FIX_AND_CONTINUE = YES;
				GCC_MODEL_TUNING = G5;
				GCC_OPTIMIZATION_LEVEL = 0;
				GCC_PRECOMPILE_PREFIX_HEADER = YES;
				GCC_PREFIX_HEADER = Argyle_Prefix.pch;
				GCC_VERSION = com.apple.compilers.llvm.clang.1_0;
				ONLY_ACTIVE_ARCH = NO;
			};
			name = Debug;
		};
		1DEB916208733D950010E9CD /* Release */ = {
			isa = XCBuildConfiguration;
			baseConfigurationReference = 5073E0C709E734A800EC74B6 /* ArgyleTarget.xcconfig */;
			buildSettings = {
				ALWAYS_SEARCH_USER_PATHS = NO;
				DEBUG_INFORMATION_FORMAT = "dwarf-with-dsym";
				GCC_MODEL_TUNING = G5;
				GCC_PRECOMPILE_PREFIX_HEADER = YES;
				GCC_PREFIX_HEADER = Argyle_Prefix.pch;
				GCC_VERSION = com.apple.compilers.llvm.clang.1_0;
				STRIP_INSTALLED_PRODUCT = YES;
				STRIP_STYLE = "non-global";
			};
			name = Release;
		};
		1DEB916508733D950010E9CD /* Debug */ = {
			isa = XCBuildConfiguration;
			baseConfigurationReference = 5073E0C609E734A800EC74B6 /* ArgyleProj.xcconfig */;
			buildSettings = {
				ARCHS = "$(ARCHS_STANDARD_32_64_BIT)";
				GCC_C_LANGUAGE_STANDARD = gnu99;
				GCC_OPTIMIZATION_LEVEL = 0;
				GCC_WARN_ABOUT_RETURN_TYPE = YES;
				GCC_WARN_UNUSED_VARIABLE = YES;
				ONLY_ACTIVE_ARCH = YES;
				PREBINDING = NO;
				SDKROOT = macosx10.6;
			};
			name = Debug;
		};
		1DEB916608733D950010E9CD /* Release */ = {
			isa = XCBuildConfiguration;
			baseConfigurationReference = 5073E0C609E734A800EC74B6 /* ArgyleProj.xcconfig */;
			buildSettings = {
				ARCHS = "$(ARCHS_STANDARD_32_64_BIT)";
				GCC_C_LANGUAGE_STANDARD = gnu99;
				GCC_WARN_ABOUT_RETURN_TYPE = YES;
				GCC_WARN_UNUSED_VARIABLE = YES;
				PREBINDING = NO;
				SDKROOT = macosx10.6;
			};
			name = Release;
		};
/* End XCBuildConfiguration section */

/* Begin XCConfigurationList section */
		15234CE21199E3FB00721A5E /* Build configuration list for PBXNativeTarget "Argyle-Playground" */ = {
			isa = XCConfigurationList;
			buildConfigurations = (
				15234CBB1199E3C100721A5E /* Debug */,
				15234CBC1199E3C100721A5E /* Release */,
			);
			defaultConfigurationIsVisible = 0;
			defaultConfigurationName = Release;
		};
		154BD8D3118478AA00A7FCA2 /* Build configuration list for PBXNativeTarget "Argyle-Test" */ = {
			isa = XCConfigurationList;
			buildConfigurations = (
				154BD8D1118478AA00A7FCA2 /* Debug */,
				154BD8D2118478AA00A7FCA2 /* Release */,
			);
			defaultConfigurationIsVisible = 0;
			defaultConfigurationName = Release;
		};
		15DCD880119F4483002746F0 /* Build configuration list for PBXNativeTarget "Argyle-iPhone" */ = {
			isa = XCConfigurationList;
			buildConfigurations = (
				15DCD87B119F4480002746F0 /* Debug */,
				15DCD87C119F4480002746F0 /* Release */,
			);
			defaultConfigurationIsVisible = 0;
			defaultConfigurationName = Release;
		};
		1DEB916008733D950010E9CD /* Build configuration list for PBXNativeTarget "Argyle" */ = {
			isa = XCConfigurationList;
			buildConfigurations = (
				1DEB916108733D950010E9CD /* Debug */,
				1DEB916208733D950010E9CD /* Release */,
			);
			defaultConfigurationIsVisible = 0;
			defaultConfigurationName = Release;
		};
		1DEB916408733D950010E9CD /* Build configuration list for PBXProject "Argyle" */ = {
			isa = XCConfigurationList;
			buildConfigurations = (
				1DEB916508733D950010E9CD /* Debug */,
				1DEB916608733D950010E9CD /* Release */,
			);
			defaultConfigurationIsVisible = 0;
			defaultConfigurationName = Release;
		};
/* End XCConfigurationList section */
	};
	rootObject = 0867D690FE84028FC02AAC07 /* Project object */;
}
